// !$*UTF8*$!
{
	archiveVersion = 1;
	classes = {
	};
	objectVersion = 55;
	objects = {

/* Begin PBXBuildFile section */
		4E9D92A9826871C3B761ABD1 /* Pods_3__GoodList.framework in Frameworks */ = {isa = PBXBuildFile; fileRef = 848C56A9A366D27E05434C51 /* Pods_3__GoodList.framework */; };
		5AEBC2FF28B7968600A50BDC /* AppDelegate.swift in Sources */ = {isa = PBXBuildFile; fileRef = 5AEBC2FE28B7968600A50BDC /* AppDelegate.swift */; };
		5AEBC30128B7968600A50BDC /* SceneDelegate.swift in Sources */ = {isa = PBXBuildFile; fileRef = 5AEBC30028B7968600A50BDC /* SceneDelegate.swift */; };
		5AEBC30628B7968600A50BDC /* Main.storyboard in Resources */ = {isa = PBXBuildFile; fileRef = 5AEBC30428B7968600A50BDC /* Main.storyboard */; };
		5AEBC30928B7968600A50BDC /* ___GoodList.xcdatamodeld in Sources */ = {isa = PBXBuildFile; fileRef = 5AEBC30728B7968600A50BDC /* ___GoodList.xcdatamodeld */; };
		5AEBC30B28B7968700A50BDC /* Assets.xcassets in Resources */ = {isa = PBXBuildFile; fileRef = 5AEBC30A28B7968700A50BDC /* Assets.xcassets */; };
		5AEBC30E28B7968700A50BDC /* LaunchScreen.storyboard in Resources */ = {isa = PBXBuildFile; fileRef = 5AEBC30C28B7968700A50BDC /* LaunchScreen.storyboard */; };
		5AEBC31728B796A100A50BDC /* TaskListViewController.swift in Sources */ = {isa = PBXBuildFile; fileRef = 5AEBC31628B796A100A50BDC /* TaskListViewController.swift */; };
		5AEBC31928B7A2EC00A50BDC /* AddTaskViewController.swift in Sources */ = {isa = PBXBuildFile; fileRef = 5AEBC31828B7A2EC00A50BDC /* AddTaskViewController.swift */; };
		5AEBC31C28B7A4D600A50BDC /* Task.swift in Sources */ = {isa = PBXBuildFile; fileRef = 5AEBC31B28B7A4D600A50BDC /* Task.swift */; };
/* End PBXBuildFile section */

/* Begin PBXFileReference section */
		1CD1C330FDE9F32974953016 /* Pods-3. GoodList.release.xcconfig */ = {isa = PBXFileReference; includeInIndex = 1; lastKnownFileType = text.xcconfig; name = "Pods-3. GoodList.release.xcconfig"; path = "Target Support Files/Pods-3. GoodList/Pods-3. GoodList.release.xcconfig"; sourceTree = "<group>"; };
		3664C2512C323F93C01D5F71 /* Pods-3. GoodList.debug.xcconfig */ = {isa = PBXFileReference; includeInIndex = 1; lastKnownFileType = text.xcconfig; name = "Pods-3. GoodList.debug.xcconfig"; path = "Target Support Files/Pods-3. GoodList/Pods-3. GoodList.debug.xcconfig"; sourceTree = "<group>"; };
		5AEBC2FB28B7968600A50BDC /* 3. GoodList.app */ = {isa = PBXFileReference; explicitFileType = wrapper.application; includeInIndex = 0; path = "3. GoodList.app"; sourceTree = BUILT_PRODUCTS_DIR; };
		5AEBC2FE28B7968600A50BDC /* AppDelegate.swift */ = {isa = PBXFileReference; lastKnownFileType = sourcecode.swift; path = AppDelegate.swift; sourceTree = "<group>"; };
		5AEBC30028B7968600A50BDC /* SceneDelegate.swift */ = {isa = PBXFileReference; lastKnownFileType = sourcecode.swift; path = SceneDelegate.swift; sourceTree = "<group>"; };
		5AEBC30528B7968600A50BDC /* Base */ = {isa = PBXFileReference; lastKnownFileType = file.storyboard; name = Base; path = Base.lproj/Main.storyboard; sourceTree = "<group>"; };
		5AEBC30828B7968600A50BDC /* ___GoodList.xcdatamodel */ = {isa = PBXFileReference; lastKnownFileType = wrapper.xcdatamodel; path = "___GoodList.xcdatamodel"; sourceTree = "<group>"; };
		5AEBC30A28B7968700A50BDC /* Assets.xcassets */ = {isa = PBXFileReference; lastKnownFileType = folder.assetcatalog; path = Assets.xcassets; sourceTree = "<group>"; };
		5AEBC30D28B7968700A50BDC /* Base */ = {isa = PBXFileReference; lastKnownFileType = file.storyboard; name = Base; path = Base.lproj/LaunchScreen.storyboard; sourceTree = "<group>"; };
		5AEBC30F28B7968700A50BDC /* Info.plist */ = {isa = PBXFileReference; lastKnownFileType = text.plist.xml; path = Info.plist; sourceTree = "<group>"; };
		5AEBC31628B796A100A50BDC /* TaskListViewController.swift */ = {isa = PBXFileReference; lastKnownFileType = sourcecode.swift; path = TaskListViewController.swift; sourceTree = "<group>"; };
		5AEBC31828B7A2EC00A50BDC /* AddTaskViewController.swift */ = {isa = PBXFileReference; lastKnownFileType = sourcecode.swift; path = AddTaskViewController.swift; sourceTree = "<group>"; };
		5AEBC31B28B7A4D600A50BDC /* Task.swift */ = {isa = PBXFileReference; lastKnownFileType = sourcecode.swift; path = Task.swift; sourceTree = "<group>"; };
		848C56A9A366D27E05434C51 /* Pods_3__GoodList.framework */ = {isa = PBXFileReference; explicitFileType = wrapper.framework; includeInIndex = 0; path = Pods_3__GoodList.framework; sourceTree = BUILT_PRODUCTS_DIR; };
/* End PBXFileReference section */

/* Begin PBXFrameworksBuildPhase section */
		5AEBC2F828B7968600A50BDC /* Frameworks */ = {
			isa = PBXFrameworksBuildPhase;
			buildActionMask = 2147483647;
			files = (
				4E9D92A9826871C3B761ABD1 /* Pods_3__GoodList.framework in Frameworks */,
			);
			runOnlyForDeploymentPostprocessing = 0;
		};
/* End PBXFrameworksBuildPhase section */

/* Begin PBXGroup section */
		1701ABF650AD0655DFC6C413 /* Pods */ = {
			isa = PBXGroup;
			children = (
				3664C2512C323F93C01D5F71 /* Pods-3. GoodList.debug.xcconfig */,
				1CD1C330FDE9F32974953016 /* Pods-3. GoodList.release.xcconfig */,
			);
			name = Pods;
			path = Pods;
			sourceTree = "<group>";
		};
		5AEBC2F228B7968600A50BDC = {
			isa = PBXGroup;
			children = (
				5AEBC2FD28B7968600A50BDC /* 3. GoodList */,
				5AEBC2FC28B7968600A50BDC /* Products */,
				1701ABF650AD0655DFC6C413 /* Pods */,
				D7FAF84840E2078B048FFD11 /* Frameworks */,
			);
			sourceTree = "<group>";
		};
		5AEBC2FC28B7968600A50BDC /* Products */ = {
			isa = PBXGroup;
			children = (
				5AEBC2FB28B7968600A50BDC /* 3. GoodList.app */,
			);
			name = Products;
			sourceTree = "<group>";
		};
		5AEBC2FD28B7968600A50BDC /* 3. GoodList */ = {
			isa = PBXGroup;
			children = (
				5AEBC31A28B7A4CD00A50BDC /* Models */,
				5AEBC31528B7968F00A50BDC /* Controllers */,
				5AEBC2FE28B7968600A50BDC /* AppDelegate.swift */,
				5AEBC30028B7968600A50BDC /* SceneDelegate.swift */,
				5AEBC30428B7968600A50BDC /* Main.storyboard */,
				5AEBC30A28B7968700A50BDC /* Assets.xcassets */,
				5AEBC30C28B7968700A50BDC /* LaunchScreen.storyboard */,
				5AEBC30F28B7968700A50BDC /* Info.plist */,
				5AEBC30728B7968600A50BDC /* ___GoodList.xcdatamodeld */,
			);
			path = "3. GoodList";
			sourceTree = "<group>";
		};
		5AEBC31528B7968F00A50BDC /* Controllers */ = {
			isa = PBXGroup;
			children = (
				5AEBC31628B796A100A50BDC /* TaskListViewController.swift */,
				5AEBC31828B7A2EC00A50BDC /* AddTaskViewController.swift */,
			);
			path = Controllers;
			sourceTree = "<group>";
		};
		5AEBC31A28B7A4CD00A50BDC /* Models */ = {
			isa = PBXGroup;
			children = (
				5AEBC31B28B7A4D600A50BDC /* Task.swift */,
			);
			path = Models;
			sourceTree = "<group>";
		};
		D7FAF84840E2078B048FFD11 /* Frameworks */ = {
			isa = PBXGroup;
			children = (
				848C56A9A366D27E05434C51 /* Pods_3__GoodList.framework */,
			);
			name = Frameworks;
			sourceTree = "<group>";
		};
/* End PBXGroup section */

/* Begin PBXNativeTarget section */
		5AEBC2FA28B7968600A50BDC /* 3. GoodList */ = {
			isa = PBXNativeTarget;
			buildConfigurationList = 5AEBC31228B7968700A50BDC /* Build configuration list for PBXNativeTarget "3. GoodList" */;
			buildPhases = (
				2DB956234A94821D87FE01DA /* [CP] Check Pods Manifest.lock */,
				5AEBC2F728B7968600A50BDC /* Sources */,
				5AEBC2F828B7968600A50BDC /* Frameworks */,
				5AEBC2F928B7968600A50BDC /* Resources */,
				A19811B1E650C5EFBE40A5DE /* [CP] Embed Pods Frameworks */,
			);
			buildRules = (
			);
			dependencies = (
			);
			name = "3. GoodList";
			productName = "3. GoodList";
			productReference = 5AEBC2FB28B7968600A50BDC /* 3. GoodList.app */;
			productType = "com.apple.product-type.application";
		};
/* End PBXNativeTarget section */

/* Begin PBXProject section */
		5AEBC2F328B7968600A50BDC /* Project object */ = {
			isa = PBXProject;
			attributes = {
				BuildIndependentTargetsInParallel = 1;
				LastSwiftUpdateCheck = 1340;
				LastUpgradeCheck = 1340;
				TargetAttributes = {
					5AEBC2FA28B7968600A50BDC = {
						CreatedOnToolsVersion = 13.4.1;
					};
				};
			};
			buildConfigurationList = 5AEBC2F628B7968600A50BDC /* Build configuration list for PBXProject "3. GoodList" */;
			compatibilityVersion = "Xcode 13.0";
			developmentRegion = en;
			hasScannedForEncodings = 0;
			knownRegions = (
				en,
				Base,
			);
			mainGroup = 5AEBC2F228B7968600A50BDC;
			productRefGroup = 5AEBC2FC28B7968600A50BDC /* Products */;
			projectDirPath = "";
			projectRoot = "";
			targets = (
				5AEBC2FA28B7968600A50BDC /* 3. GoodList */,
			);
		};
/* End PBXProject section */

/* Begin PBXResourcesBuildPhase section */
		5AEBC2F928B7968600A50BDC /* Resources */ = {
			isa = PBXResourcesBuildPhase;
			buildActionMask = 2147483647;
			files = (
				5AEBC30E28B7968700A50BDC /* LaunchScreen.storyboard in Resources */,
				5AEBC30B28B7968700A50BDC /* Assets.xcassets in Resources */,
				5AEBC30628B7968600A50BDC /* Main.storyboard in Resources */,
			);
			runOnlyForDeploymentPostprocessing = 0;
		};
/* End PBXResourcesBuildPhase section */

/* Begin PBXShellScriptBuildPhase section */
		2DB956234A94821D87FE01DA /* [CP] Check Pods Manifest.lock */ = {
			isa = PBXShellScriptBuildPhase;
			buildActionMask = 2147483647;
			files = (
			);
			inputFileListPaths = (
			);
			inputPaths = (
				"${PODS_PODFILE_DIR_PATH}/Podfile.lock",
				"${PODS_ROOT}/Manifest.lock",
			);
			name = "[CP] Check Pods Manifest.lock";
			outputFileListPaths = (
			);
			outputPaths = (
				"$(DERIVED_FILE_DIR)/Pods-3. GoodList-checkManifestLockResult.txt",
			);
			runOnlyForDeploymentPostprocessing = 0;
			shellPath = /bin/sh;
			shellScript = "diff \"${PODS_PODFILE_DIR_PATH}/Podfile.lock\" \"${PODS_ROOT}/Manifest.lock\" > /dev/null\nif [ $? != 0 ] ; then\n    # print error to STDERR\n    echo \"error: The sandbox is not in sync with the Podfile.lock. Run 'pod install' or update your CocoaPods installation.\" >&2\n    exit 1\nfi\n# This output is used by Xcode 'outputs' to avoid re-running this script phase.\necho \"SUCCESS\" > \"${SCRIPT_OUTPUT_FILE_0}\"\n";
			showEnvVarsInLog = 0;
		};
		A19811B1E650C5EFBE40A5DE /* [CP] Embed Pods Frameworks */ = {
			isa = PBXShellScriptBuildPhase;
			buildActionMask = 2147483647;
			files = (
			);
			inputFileListPaths = (
				"${PODS_ROOT}/Target Support Files/Pods-3. GoodList/Pods-3. GoodList-frameworks-${CONFIGURATION}-input-files.xcfilelist",
			);
			name = "[CP] Embed Pods Frameworks";
			outputFileListPaths = (
				"${PODS_ROOT}/Target Support Files/Pods-3. GoodList/Pods-3. GoodList-frameworks-${CONFIGURATION}-output-files.xcfilelist",
			);
			runOnlyForDeploymentPostprocessing = 0;
			shellPath = /bin/sh;
			shellScript = "\"${PODS_ROOT}/Target Support Files/Pods-3. GoodList/Pods-3. GoodList-frameworks.sh\"\n";
			showEnvVarsInLog = 0;
		};
/* End PBXShellScriptBuildPhase section */

/* Begin PBXSourcesBuildPhase section */
		5AEBC2F728B7968600A50BDC /* Sources */ = {
			isa = PBXSourcesBuildPhase;
			buildActionMask = 2147483647;
			files = (
				5AEBC2FF28B7968600A50BDC /* AppDelegate.swift in Sources */,
				5AEBC30928B7968600A50BDC /* ___GoodList.xcdatamodeld in Sources */,
				5AEBC30128B7968600A50BDC /* SceneDelegate.swift in Sources */,
				5AEBC31728B796A100A50BDC /* TaskListViewController.swift in Sources */,
				5AEBC31C28B7A4D600A50BDC /* Task.swift in Sources */,
				5AEBC31928B7A2EC00A50BDC /* AddTaskViewController.swift in Sources */,
			);
			runOnlyForDeploymentPostprocessing = 0;
		};
/* End PBXSourcesBuildPhase section */

/* Begin PBXVariantGroup section */
		5AEBC30428B7968600A50BDC /* Main.storyboard */ = {
			isa = PBXVariantGroup;
			children = (
				5AEBC30528B7968600A50BDC /* Base */,
			);
			name = Main.storyboard;
			sourceTree = "<group>";
		};
		5AEBC30C28B7968700A50BDC /* LaunchScreen.storyboard */ = {
			isa = PBXVariantGroup;
			children = (
				5AEBC30D28B7968700A50BDC /* Base */,
			);
			name = LaunchScreen.storyboard;
			sourceTree = "<group>";
		};
/* End PBXVariantGroup section */

/* Begin XCBuildConfiguration section */
		5AEBC31028B7968700A50BDC /* Debug */ = {
			isa = XCBuildConfiguration;
			buildSettings = {
				ALWAYS_SEARCH_USER_PATHS = NO;
				CLANG_ANALYZER_NONNULL = YES;
				CLANG_ANALYZER_NUMBER_OBJECT_CONVERSION = YES_AGGRESSIVE;
				CLANG_CXX_LANGUAGE_STANDARD = "gnu++17";
				CLANG_ENABLE_MODULES = YES;
				CLANG_ENABLE_OBJC_ARC = YES;
				CLANG_ENABLE_OBJC_WEAK = YES;
				CLANG_WARN_BLOCK_CAPTURE_AUTORELEASING = YES;
				CLANG_WARN_BOOL_CONVERSION = YES;
				CLANG_WARN_COMMA = YES;
				CLANG_WARN_CONSTANT_CONVERSION = YES;
				CLANG_WARN_DEPRECATED_OBJC_IMPLEMENTATIONS = YES;
				CLANG_WARN_DIRECT_OBJC_ISA_USAGE = YES_ERROR;
				CLANG_WARN_DOCUMENTATION_COMMENTS = YES;
				CLANG_WARN_EMPTY_BODY = YES;
				CLANG_WARN_ENUM_CONVERSION = YES;
				CLANG_WARN_INFINITE_RECURSION = YES;
				CLANG_WARN_INT_CONVERSION = YES;
				CLANG_WARN_NON_LITERAL_NULL_CONVERSION = YES;
				CLANG_WARN_OBJC_IMPLICIT_RETAIN_SELF = YES;
				CLANG_WARN_OBJC_LITERAL_CONVERSION = YES;
				CLANG_WARN_OBJC_ROOT_CLASS = YES_ERROR;
				CLANG_WARN_QUOTED_INCLUDE_IN_FRAMEWORK_HEADER = YES;
				CLANG_WARN_RANGE_LOOP_ANALYSIS = YES;
				CLANG_WARN_STRICT_PROTOTYPES = YES;
				CLANG_WARN_SUSPICIOUS_MOVE = YES;
				CLANG_WARN_UNGUARDED_AVAILABILITY = YES_AGGRESSIVE;
				CLANG_WARN_UNREACHABLE_CODE = YES;
				CLANG_WARN__DUPLICATE_METHOD_MATCH = YES;
				COPY_PHASE_STRIP = NO;
				DEBUG_INFORMATION_FORMAT = dwarf;
				ENABLE_STRICT_OBJC_MSGSEND = YES;
				ENABLE_TESTABILITY = YES;
				GCC_C_LANGUAGE_STANDARD = gnu11;
				GCC_DYNAMIC_NO_PIC = NO;
				GCC_NO_COMMON_BLOCKS = YES;
				GCC_OPTIMIZATION_LEVEL = 0;
				GCC_PREPROCESSOR_DEFINITIONS = (
					"DEBUG=1",
					"$(inherited)",
				);
				GCC_WARN_64_TO_32_BIT_CONVERSION = YES;
				GCC_WARN_ABOUT_RETURN_TYPE = YES_ERROR;
				GCC_WARN_UNDECLARED_SELECTOR = YES;
				GCC_WARN_UNINITIALIZED_AUTOS = YES_AGGRESSIVE;
				GCC_WARN_UNUSED_FUNCTION = YES;
				GCC_WARN_UNUSED_VARIABLE = YES;
				IPHONEOS_DEPLOYMENT_TARGET = 15.5;
				MTL_ENABLE_DEBUG_INFO = INCLUDE_SOURCE;
				MTL_FAST_MATH = YES;
				ONLY_ACTIVE_ARCH = YES;
				SDKROOT = iphoneos;
				SWIFT_ACTIVE_COMPILATION_CONDITIONS = DEBUG;
				SWIFT_OPTIMIZATION_LEVEL = "-Onone";
			};
			name = Debug;
		};
		5AEBC31128B7968700A50BDC /* Release */ = {
			isa = XCBuildConfiguration;
			buildSettings = {
				ALWAYS_SEARCH_USER_PATHS = NO;
				CLANG_ANALYZER_NONNULL = YES;
				CLANG_ANALYZER_NUMBER_OBJECT_CONVERSION = YES_AGGRESSIVE;
				CLANG_CXX_LANGUAGE_STANDARD = "gnu++17";
				CLANG_ENABLE_MODULES = YES;
				CLANG_ENABLE_OBJC_ARC = YES;
				CLANG_ENABLE_OBJC_WEAK = YES;
				CLANG_WARN_BLOCK_CAPTURE_AUTORELEASING = YES;
				CLANG_WARN_BOOL_CONVERSION = YES;
				CLANG_WARN_COMMA = YES;
				CLANG_WARN_CONSTANT_CONVERSION = YES;
				CLANG_WARN_DEPRECATED_OBJC_IMPLEMENTATIONS = YES;
				CLANG_WARN_DIRECT_OBJC_ISA_USAGE = YES_ERROR;
				CLANG_WARN_DOCUMENTATION_COMMENTS = YES;
				CLANG_WARN_EMPTY_BODY = YES;
				CLANG_WARN_ENUM_CONVERSION = YES;
				CLANG_WARN_INFINITE_RECURSION = YES;
				CLANG_WARN_INT_CONVERSION = YES;
				CLANG_WARN_NON_LITERAL_NULL_CONVERSION = YES;
				CLANG_WARN_OBJC_IMPLICIT_RETAIN_SELF = YES;
				CLANG_WARN_OBJC_LITERAL_CONVERSION = YES;
				CLANG_WARN_OBJC_ROOT_CLASS = YES_ERROR;
				CLANG_WARN_QUOTED_INCLUDE_IN_FRAMEWORK_HEADER = YES;
				CLANG_WARN_RANGE_LOOP_ANALYSIS = YES;
				CLANG_WARN_STRICT_PROTOTYPES = YES;
				CLANG_WARN_SUSPICIOUS_MOVE = YES;
				CLANG_WARN_UNGUARDED_AVAILABILITY = YES_AGGRESSIVE;
				CLANG_WARN_UNREACHABLE_CODE = YES;
				CLANG_WARN__DUPLICATE_METHOD_MATCH = YES;
				COPY_PHASE_STRIP = NO;
				DEBUG_INFORMATION_FORMAT = "dwarf-with-dsym";
				ENABLE_NS_ASSERTIONS = NO;
				ENABLE_STRICT_OBJC_MSGSEND = YES;
				GCC_C_LANGUAGE_STANDARD = gnu11;
				GCC_NO_COMMON_BLOCKS = YES;
				GCC_WARN_64_TO_32_BIT_CONVERSION = YES;
				GCC_WARN_ABOUT_RETURN_TYPE = YES_ERROR;
				GCC_WARN_UNDECLARED_SELECTOR = YES;
				GCC_WARN_UNINITIALIZED_AUTOS = YES_AGGRESSIVE;
				GCC_WARN_UNUSED_FUNCTION = YES;
				GCC_WARN_UNUSED_VARIABLE = YES;
				IPHONEOS_DEPLOYMENT_TARGET = 15.5;
				MTL_ENABLE_DEBUG_INFO = NO;
				MTL_FAST_MATH = YES;
				SDKROOT = iphoneos;
				SWIFT_COMPILATION_MODE = wholemodule;
				SWIFT_OPTIMIZATION_LEVEL = "-O";
				VALIDATE_PRODUCT = YES;
			};
			name = Release;
		};
		5AEBC31328B7968700A50BDC /* Debug */ = {
			isa = XCBuildConfiguration;
			baseConfigurationReference = 3664C2512C323F93C01D5F71 /* Pods-3. GoodList.debug.xcconfig */;
			buildSettings = {
				ASSETCATALOG_COMPILER_APPICON_NAME = AppIcon;
				ASSETCATALOG_COMPILER_GLOBAL_ACCENT_COLOR_NAME = AccentColor;
				CODE_SIGN_STYLE = Automatic;
				CURRENT_PROJECT_VERSION = 1;
				DEVELOPMENT_TEAM = CYS4W9265H;
				GENERATE_INFOPLIST_FILE = YES;
				INFOPLIST_FILE = "3. GoodList/Info.plist";
				INFOPLIST_KEY_UIApplicationSupportsIndirectInputEvents = YES;
				INFOPLIST_KEY_UILaunchStoryboardName = LaunchScreen;
				INFOPLIST_KEY_UIMainStoryboardFile = Main;
				INFOPLIST_KEY_UISupportedInterfaceOrientations_iPad = "UIInterfaceOrientationPortrait UIInterfaceOrientationPortraitUpsideDown UIInterfaceOrientationLandscapeLeft UIInterfaceOrientationLandscapeRight";
				INFOPLIST_KEY_UISupportedInterfaceOrientations_iPhone = "UIInterfaceOrientationPortrait UIInterfaceOrientationLandscapeLeft UIInterfaceOrientationLandscapeRight";
				LD_RUNPATH_SEARCH_PATHS = (
					"$(inherited)",
					"@executable_path/Frameworks",
				);
				MARKETING_VERSION = 1.0;
				PRODUCT_BUNDLE_IDENTIFIER = "com.jinny.---GoodList";
				PRODUCT_NAME = "$(TARGET_NAME)";
				SWIFT_EMIT_LOC_STRINGS = YES;
				SWIFT_VERSION = 5.0;
				TARGETED_DEVICE_FAMILY = "1,2";
			};
			name = Debug;
		};
		5AEBC31428B7968700A50BDC /* Release */ = {
			isa = XCBuildConfiguration;
			baseConfigurationReference = 1CD1C330FDE9F32974953016 /* Pods-3. GoodList.release.xcconfig */;
			buildSettings = {
				ASSETCATALOG_COMPILER_APPICON_NAME = AppIcon;
				ASSETCATALOG_COMPILER_GLOBAL_ACCENT_COLOR_NAME = AccentColor;
				CODE_SIGN_STYLE = Automatic;
				CURRENT_PROJECT_VERSION = 1;
				DEVELOPMENT_TEAM = CYS4W9265H;
				GENERATE_INFOPLIST_FILE = YES;
				INFOPLIST_FILE = "3. GoodList/Info.plist";
				INFOPLIST_KEY_UIApplicationSupportsIndirectInputEvents = YES;
				INFOPLIST_KEY_UILaunchStoryboardName = LaunchScreen;
				INFOPLIST_KEY_UIMainStoryboardFile = Main;
				INFOPLIST_KEY_UISupportedInterfaceOrientations_iPad = "UIInterfaceOrientationPortrait UIInterfaceOrientationPortraitUpsideDown UIInterfaceOrientationLandscapeLeft UIInterfaceOrientationLandscapeRight";
				INFOPLIST_KEY_UISupportedInterfaceOrientations_iPhone = "UIInterfaceOrientationPortrait UIInterfaceOrientationLandscapeLeft UIInterfaceOrientationLandscapeRight";
				LD_RUNPATH_SEARCH_PATHS = (
					"$(inherited)",
					"@executable_path/Frameworks",
				);
				MARKETING_VERSION = 1.0;
				PRODUCT_BUNDLE_IDENTIFIER = "com.jinny.---GoodList";
				PRODUCT_NAME = "$(TARGET_NAME)";
				SWIFT_EMIT_LOC_STRINGS = YES;
				SWIFT_VERSION = 5.0;
				TARGETED_DEVICE_FAMILY = "1,2";
			};
			name = Release;
		};
/* End XCBuildConfiguration section */

/* Begin XCConfigurationList section */
		5AEBC2F628B7968600A50BDC /* Build configuration list for PBXProject "3. GoodList" */ = {
			isa = XCConfigurationList;
			buildConfigurations = (
				5AEBC31028B7968700A50BDC /* Debug */,
				5AEBC31128B7968700A50BDC /* Release */,
			);
			defaultConfigurationIsVisible = 0;
			defaultConfigurationName = Release;
		};
		5AEBC31228B7968700A50BDC /* Build configuration list for PBXNativeTarget "3. GoodList" */ = {
			isa = XCConfigurationList;
			buildConfigurations = (
				5AEBC31328B7968700A50BDC /* Debug */,
				5AEBC31428B7968700A50BDC /* Release */,
			);
			defaultConfigurationIsVisible = 0;
			defaultConfigurationName = Release;
		};
/* End XCConfigurationList section */

/* Begin XCVersionGroup section */
		5AEBC30728B7968600A50BDC /* ___GoodList.xcdatamodeld */ = {
			isa = XCVersionGroup;
			children = (
				5AEBC30828B7968600A50BDC /* ___GoodList.xcdatamodel */,
			);
			currentVersion = 5AEBC30828B7968600A50BDC /* ___GoodList.xcdatamodel */;
			path = "___GoodList.xcdatamodeld";
			sourceTree = "<group>";
			versionGroupType = wrapper.xcdatamodel;
		};
/* End XCVersionGroup section */
	};
	rootObject = 5AEBC2F328B7968600A50BDC /* Project object */;
}
