// !$*UTF8*$!
{
	archiveVersion = 1;
	classes = {
	};
	objectVersion = 55;
	objects = {

/* Begin PBXBuildFile section */
		5A0D845B28BF8EE90039AEA2 /* URLRequest+Extensions.swift in Sources */ = {isa = PBXBuildFile; fileRef = 5A0D845A28BF8EE90039AEA2 /* URLRequest+Extensions.swift */; };
		5A25EA9628BF3AB400F606ED /* AppDelegate.swift in Sources */ = {isa = PBXBuildFile; fileRef = 5A25EA9528BF3AB400F606ED /* AppDelegate.swift */; };
		5A25EA9828BF3AB400F606ED /* SceneDelegate.swift in Sources */ = {isa = PBXBuildFile; fileRef = 5A25EA9728BF3AB400F606ED /* SceneDelegate.swift */; };
		5A25EA9D28BF3AB400F606ED /* Main.storyboard in Resources */ = {isa = PBXBuildFile; fileRef = 5A25EA9B28BF3AB400F606ED /* Main.storyboard */; };
		5A25EA9F28BF3AB600F606ED /* Assets.xcassets in Resources */ = {isa = PBXBuildFile; fileRef = 5A25EA9E28BF3AB600F606ED /* Assets.xcassets */; };
		5A25EAA228BF3AB600F606ED /* LaunchScreen.storyboard in Resources */ = {isa = PBXBuildFile; fileRef = 5A25EAA028BF3AB600F606ED /* LaunchScreen.storyboard */; };
		5A4A4B3928BF3C47008E31EB /* NewsTableViewController.swift in Sources */ = {isa = PBXBuildFile; fileRef = 5A4A4B3828BF3C47008E31EB /* NewsTableViewController.swift */; };
		5AF7E19328BF800D00626D2E /* Article.swift in Sources */ = {isa = PBXBuildFile; fileRef = 5AF7E19228BF800D00626D2E /* Article.swift */; };
		5AF7E19528BF84C900626D2E /* ArticleTableViewCell.swift in Sources */ = {isa = PBXBuildFile; fileRef = 5AF7E19428BF84C900626D2E /* ArticleTableViewCell.swift */; };
		9D1843E34C002D7EAD713BB3 /* Pods_4__GoodNews.framework in Frameworks */ = {isa = PBXBuildFile; fileRef = 2308AB9376AD1E99AD37E7E5 /* Pods_4__GoodNews.framework */; };
/* End PBXBuildFile section */

/* Begin PBXFileReference section */
		2308AB9376AD1E99AD37E7E5 /* Pods_4__GoodNews.framework */ = {isa = PBXFileReference; explicitFileType = wrapper.framework; includeInIndex = 0; path = Pods_4__GoodNews.framework; sourceTree = BUILT_PRODUCTS_DIR; };
		5A0D845A28BF8EE90039AEA2 /* URLRequest+Extensions.swift */ = {isa = PBXFileReference; lastKnownFileType = sourcecode.swift; path = "URLRequest+Extensions.swift"; sourceTree = "<group>"; };
		5A25EA9228BF3AB400F606ED /* 4. GoodNews.app */ = {isa = PBXFileReference; explicitFileType = wrapper.application; includeInIndex = 0; path = "4. GoodNews.app"; sourceTree = BUILT_PRODUCTS_DIR; };
		5A25EA9528BF3AB400F606ED /* AppDelegate.swift */ = {isa = PBXFileReference; lastKnownFileType = sourcecode.swift; path = AppDelegate.swift; sourceTree = "<group>"; };
		5A25EA9728BF3AB400F606ED /* SceneDelegate.swift */ = {isa = PBXFileReference; lastKnownFileType = sourcecode.swift; path = SceneDelegate.swift; sourceTree = "<group>"; };
		5A25EA9C28BF3AB400F606ED /* Base */ = {isa = PBXFileReference; lastKnownFileType = file.storyboard; name = Base; path = Base.lproj/Main.storyboard; sourceTree = "<group>"; };
		5A25EA9E28BF3AB600F606ED /* Assets.xcassets */ = {isa = PBXFileReference; lastKnownFileType = folder.assetcatalog; path = Assets.xcassets; sourceTree = "<group>"; };
		5A25EAA128BF3AB600F606ED /* Base */ = {isa = PBXFileReference; lastKnownFileType = file.storyboard; name = Base; path = Base.lproj/LaunchScreen.storyboard; sourceTree = "<group>"; };
		5A25EAA328BF3AB600F606ED /* Info.plist */ = {isa = PBXFileReference; lastKnownFileType = text.plist.xml; path = Info.plist; sourceTree = "<group>"; };
		5A4A4B3828BF3C47008E31EB /* NewsTableViewController.swift */ = {isa = PBXFileReference; lastKnownFileType = sourcecode.swift; path = NewsTableViewController.swift; sourceTree = "<group>"; };
		5AF7E19228BF800D00626D2E /* Article.swift */ = {isa = PBXFileReference; lastKnownFileType = sourcecode.swift; path = Article.swift; sourceTree = "<group>"; };
		5AF7E19428BF84C900626D2E /* ArticleTableViewCell.swift */ = {isa = PBXFileReference; lastKnownFileType = sourcecode.swift; path = ArticleTableViewCell.swift; sourceTree = "<group>"; };
		B754F527016A975F266D4E28 /* Pods-4. GoodNews.debug.xcconfig */ = {isa = PBXFileReference; includeInIndex = 1; lastKnownFileType = text.xcconfig; name = "Pods-4. GoodNews.debug.xcconfig"; path = "Target Support Files/Pods-4. GoodNews/Pods-4. GoodNews.debug.xcconfig"; sourceTree = "<group>"; };
		F1C7F3CAB22DC2682CDC31B0 /* Pods-4. GoodNews.release.xcconfig */ = {isa = PBXFileReference; includeInIndex = 1; lastKnownFileType = text.xcconfig; name = "Pods-4. GoodNews.release.xcconfig"; path = "Target Support Files/Pods-4. GoodNews/Pods-4. GoodNews.release.xcconfig"; sourceTree = "<group>"; };
/* End PBXFileReference section */

/* Begin PBXFrameworksBuildPhase section */
		5A25EA8F28BF3AB400F606ED /* Frameworks */ = {
			isa = PBXFrameworksBuildPhase;
			buildActionMask = 2147483647;
			files = (
				9D1843E34C002D7EAD713BB3 /* Pods_4__GoodNews.framework in Frameworks */,
			);
			runOnlyForDeploymentPostprocessing = 0;
		};
/* End PBXFrameworksBuildPhase section */

/* Begin PBXGroup section */
		5A0D845928BF8EC90039AEA2 /* Extensions */ = {
			isa = PBXGroup;
			children = (
				5A0D845A28BF8EE90039AEA2 /* URLRequest+Extensions.swift */,
			);
			path = Extensions;
			sourceTree = "<group>";
		};
		5A25EA8928BF3AB400F606ED = {
			isa = PBXGroup;
			children = (
				5A25EA9428BF3AB400F606ED /* 4. GoodNews */,
				5A25EA9328BF3AB400F606ED /* Products */,
				BD88BA4A526B0BBA15EEA906 /* Pods */,
				6E90E99AA0FDA782B7BC40C8 /* Frameworks */,
			);
			sourceTree = "<group>";
		};
		5A25EA9328BF3AB400F606ED /* Products */ = {
			isa = PBXGroup;
			children = (
				5A25EA9228BF3AB400F606ED /* 4. GoodNews.app */,
			);
			name = Products;
			sourceTree = "<group>";
		};
		5A25EA9428BF3AB400F606ED /* 4. GoodNews */ = {
			isa = PBXGroup;
			children = (
				5A0D845928BF8EC90039AEA2 /* Extensions */,
				5AF7E19628BF879B00626D2E /* Cells */,
				5AF7E19128BF7FFB00626D2E /* Models */,
				5A25EA9528BF3AB400F606ED /* AppDelegate.swift */,
				5A25EA9728BF3AB400F606ED /* SceneDelegate.swift */,
				5A4A4B3828BF3C47008E31EB /* NewsTableViewController.swift */,
				5A25EA9B28BF3AB400F606ED /* Main.storyboard */,
				5A25EA9E28BF3AB600F606ED /* Assets.xcassets */,
				5A25EAA028BF3AB600F606ED /* LaunchScreen.storyboard */,
				5A25EAA328BF3AB600F606ED /* Info.plist */,
			);
			path = "4. GoodNews";
			sourceTree = "<group>";
		};
		5AF7E19128BF7FFB00626D2E /* Models */ = {
			isa = PBXGroup;
			children = (
				5AF7E19228BF800D00626D2E /* Article.swift */,
			);
			path = Models;
			sourceTree = "<group>";
		};
		5AF7E19628BF879B00626D2E /* Cells */ = {
			isa = PBXGroup;
			children = (
				5AF7E19428BF84C900626D2E /* ArticleTableViewCell.swift */,
			);
			path = Cells;
			sourceTree = "<group>";
		};
		6E90E99AA0FDA782B7BC40C8 /* Frameworks */ = {
			isa = PBXGroup;
			children = (
				2308AB9376AD1E99AD37E7E5 /* Pods_4__GoodNews.framework */,
			);
			name = Frameworks;
			sourceTree = "<group>";
		};
		BD88BA4A526B0BBA15EEA906 /* Pods */ = {
			isa = PBXGroup;
			children = (
				B754F527016A975F266D4E28 /* Pods-4. GoodNews.debug.xcconfig */,
				F1C7F3CAB22DC2682CDC31B0 /* Pods-4. GoodNews.release.xcconfig */,
			);
			path = Pods;
			sourceTree = "<group>";
		};
/* End PBXGroup section */

/* Begin PBXNativeTarget section */
		5A25EA9128BF3AB400F606ED /* 4. GoodNews */ = {
			isa = PBXNativeTarget;
			buildConfigurationList = 5A25EAA628BF3AB600F606ED /* Build configuration list for PBXNativeTarget "4. GoodNews" */;
			buildPhases = (
				53ACAB1660D8B3CE56F22C9F /* [CP] Check Pods Manifest.lock */,
				5A25EA8E28BF3AB400F606ED /* Sources */,
				5A25EA8F28BF3AB400F606ED /* Frameworks */,
				5A25EA9028BF3AB400F606ED /* Resources */,
				189CE70E8628F39C310398F9 /* [CP] Embed Pods Frameworks */,
			);
			buildRules = (
			);
			dependencies = (
			);
			name = "4. GoodNews";
			productName = "4. GoodNews";
			productReference = 5A25EA9228BF3AB400F606ED /* 4. GoodNews.app */;
			productType = "com.apple.product-type.application";
		};
/* End PBXNativeTarget section */

/* Begin PBXProject section */
		5A25EA8A28BF3AB400F606ED /* Project object */ = {
			isa = PBXProject;
			attributes = {
				BuildIndependentTargetsInParallel = 1;
				LastSwiftUpdateCheck = 1340;
				LastUpgradeCheck = 1340;
				TargetAttributes = {
					5A25EA9128BF3AB400F606ED = {
						CreatedOnToolsVersion = 13.4.1;
					};
				};
			};
			buildConfigurationList = 5A25EA8D28BF3AB400F606ED /* Build configuration list for PBXProject "4. GoodNews" */;
			compatibilityVersion = "Xcode 13.0";
			developmentRegion = en;
			hasScannedForEncodings = 0;
			knownRegions = (
				en,
				Base,
			);
			mainGroup = 5A25EA8928BF3AB400F606ED;
			productRefGroup = 5A25EA9328BF3AB400F606ED /* Products */;
			projectDirPath = "";
			projectRoot = "";
			targets = (
				5A25EA9128BF3AB400F606ED /* 4. GoodNews */,
			);
		};
/* End PBXProject section */

/* Begin PBXResourcesBuildPhase section */
		5A25EA9028BF3AB400F606ED /* Resources */ = {
			isa = PBXResourcesBuildPhase;
			buildActionMask = 2147483647;
			files = (
				5A25EAA228BF3AB600F606ED /* LaunchScreen.storyboard in Resources */,
				5A25EA9F28BF3AB600F606ED /* Assets.xcassets in Resources */,
				5A25EA9D28BF3AB400F606ED /* Main.storyboard in Resources */,
			);
			runOnlyForDeploymentPostprocessing = 0;
		};
/* End PBXResourcesBuildPhase section */

/* Begin PBXShellScriptBuildPhase section */
		189CE70E8628F39C310398F9 /* [CP] Embed Pods Frameworks */ = {
			isa = PBXShellScriptBuildPhase;
			buildActionMask = 2147483647;
			files = (
			);
			inputFileListPaths = (
				"${PODS_ROOT}/Target Support Files/Pods-4. GoodNews/Pods-4. GoodNews-frameworks-${CONFIGURATION}-input-files.xcfilelist",
			);
			name = "[CP] Embed Pods Frameworks";
			outputFileListPaths = (
				"${PODS_ROOT}/Target Support Files/Pods-4. GoodNews/Pods-4. GoodNews-frameworks-${CONFIGURATION}-output-files.xcfilelist",
			);
			runOnlyForDeploymentPostprocessing = 0;
			shellPath = /bin/sh;
			shellScript = "\"${PODS_ROOT}/Target Support Files/Pods-4. GoodNews/Pods-4. GoodNews-frameworks.sh\"\n";
			showEnvVarsInLog = 0;
		};
		53ACAB1660D8B3CE56F22C9F /* [CP] Check Pods Manifest.lock */ = {
			isa = PBXShellScriptBuildPhase;
			buildActionMask = 2147483647;
			files = (
			);
			inputFileListPaths = (
			);
			inputPaths = (
				"${PODS_PODFILE_DIR_PATH}/Podfile.lock",
				"${PODS_ROOT}/Manifest.lock",
			);
			name = "[CP] Check Pods Manifest.lock";
			outputFileListPaths = (
			);
			outputPaths = (
				"$(DERIVED_FILE_DIR)/Pods-4. GoodNews-checkManifestLockResult.txt",
			);
			runOnlyForDeploymentPostprocessing = 0;
			shellPath = /bin/sh;
			shellScript = "diff \"${PODS_PODFILE_DIR_PATH}/Podfile.lock\" \"${PODS_ROOT}/Manifest.lock\" > /dev/null\nif [ $? != 0 ] ; then\n    # print error to STDERR\n    echo \"error: The sandbox is not in sync with the Podfile.lock. Run 'pod install' or update your CocoaPods installation.\" >&2\n    exit 1\nfi\n# This output is used by Xcode 'outputs' to avoid re-running this script phase.\necho \"SUCCESS\" > \"${SCRIPT_OUTPUT_FILE_0}\"\n";
			showEnvVarsInLog = 0;
		};
/* End PBXShellScriptBuildPhase section */

/* Begin PBXSourcesBuildPhase section */
		5A25EA8E28BF3AB400F606ED /* Sources */ = {
			isa = PBXSourcesBuildPhase;
			buildActionMask = 2147483647;
			files = (
				5AF7E19328BF800D00626D2E /* Article.swift in Sources */,
				5A25EA9628BF3AB400F606ED /* AppDelegate.swift in Sources */,
				5A25EA9828BF3AB400F606ED /* SceneDelegate.swift in Sources */,
				5A0D845B28BF8EE90039AEA2 /* URLRequest+Extensions.swift in Sources */,
				5AF7E19528BF84C900626D2E /* ArticleTableViewCell.swift in Sources */,
				5A4A4B3928BF3C47008E31EB /* NewsTableViewController.swift in Sources */,
			);
			runOnlyForDeploymentPostprocessing = 0;
		};
/* End PBXSourcesBuildPhase section */

/* Begin PBXVariantGroup section */
		5A25EA9B28BF3AB400F606ED /* Main.storyboard */ = {
			isa = PBXVariantGroup;
			children = (
				5A25EA9C28BF3AB400F606ED /* Base */,
			);
			name = Main.storyboard;
			sourceTree = "<group>";
		};
		5A25EAA028BF3AB600F606ED /* LaunchScreen.storyboard */ = {
			isa = PBXVariantGroup;
			children = (
				5A25EAA128BF3AB600F606ED /* Base */,
			);
			name = LaunchScreen.storyboard;
			sourceTree = "<group>";
		};
/* End PBXVariantGroup section */

/* Begin XCBuildConfiguration section */
		5A25EAA428BF3AB600F606ED /* Debug */ = {
			isa = XCBuildConfiguration;
			buildSettings = {
				ALWAYS_SEARCH_USER_PATHS = NO;
				CLANG_ANALYZER_NONNULL = YES;
				CLANG_ANALYZER_NUMBER_OBJECT_CONVERSION = YES_AGGRESSIVE;
				CLANG_CXX_LANGUAGE_STANDARD = "gnu++17";
				CLANG_ENABLE_MODULES = YES;
				CLANG_ENABLE_OBJC_ARC = YES;
				CLANG_ENABLE_OBJC_WEAK = YES;
				CLANG_WARN_BLOCK_CAPTURE_AUTORELEASING = YES;
				CLANG_WARN_BOOL_CONVERSION = YES;
				CLANG_WARN_COMMA = YES;
				CLANG_WARN_CONSTANT_CONVERSION = YES;
				CLANG_WARN_DEPRECATED_OBJC_IMPLEMENTATIONS = YES;
				CLANG_WARN_DIRECT_OBJC_ISA_USAGE = YES_ERROR;
				CLANG_WARN_DOCUMENTATION_COMMENTS = YES;
				CLANG_WARN_EMPTY_BODY = YES;
				CLANG_WARN_ENUM_CONVERSION = YES;
				CLANG_WARN_INFINITE_RECURSION = YES;
				CLANG_WARN_INT_CONVERSION = YES;
				CLANG_WARN_NON_LITERAL_NULL_CONVERSION = YES;
				CLANG_WARN_OBJC_IMPLICIT_RETAIN_SELF = YES;
				CLANG_WARN_OBJC_LITERAL_CONVERSION = YES;
				CLANG_WARN_OBJC_ROOT_CLASS = YES_ERROR;
				CLANG_WARN_QUOTED_INCLUDE_IN_FRAMEWORK_HEADER = YES;
				CLANG_WARN_RANGE_LOOP_ANALYSIS = YES;
				CLANG_WARN_STRICT_PROTOTYPES = YES;
				CLANG_WARN_SUSPICIOUS_MOVE = YES;
				CLANG_WARN_UNGUARDED_AVAILABILITY = YES_AGGRESSIVE;
				CLANG_WARN_UNREACHABLE_CODE = YES;
				CLANG_WARN__DUPLICATE_METHOD_MATCH = YES;
				COPY_PHASE_STRIP = NO;
				DEBUG_INFORMATION_FORMAT = dwarf;
				ENABLE_STRICT_OBJC_MSGSEND = YES;
				ENABLE_TESTABILITY = YES;
				GCC_C_LANGUAGE_STANDARD = gnu11;
				GCC_DYNAMIC_NO_PIC = NO;
				GCC_NO_COMMON_BLOCKS = YES;
				GCC_OPTIMIZATION_LEVEL = 0;
				GCC_PREPROCESSOR_DEFINITIONS = (
					"DEBUG=1",
					"$(inherited)",
				);
				GCC_WARN_64_TO_32_BIT_CONVERSION = YES;
				GCC_WARN_ABOUT_RETURN_TYPE = YES_ERROR;
				GCC_WARN_UNDECLARED_SELECTOR = YES;
				GCC_WARN_UNINITIALIZED_AUTOS = YES_AGGRESSIVE;
				GCC_WARN_UNUSED_FUNCTION = YES;
				GCC_WARN_UNUSED_VARIABLE = YES;
				IPHONEOS_DEPLOYMENT_TARGET = 15.5;
				MTL_ENABLE_DEBUG_INFO = INCLUDE_SOURCE;
				MTL_FAST_MATH = YES;
				ONLY_ACTIVE_ARCH = YES;
				SDKROOT = iphoneos;
				SWIFT_ACTIVE_COMPILATION_CONDITIONS = DEBUG;
				SWIFT_OPTIMIZATION_LEVEL = "-Onone";
			};
			name = Debug;
		};
		5A25EAA528BF3AB600F606ED /* Release */ = {
			isa = XCBuildConfiguration;
			buildSettings = {
				ALWAYS_SEARCH_USER_PATHS = NO;
				CLANG_ANALYZER_NONNULL = YES;
				CLANG_ANALYZER_NUMBER_OBJECT_CONVERSION = YES_AGGRESSIVE;
				CLANG_CXX_LANGUAGE_STANDARD = "gnu++17";
				CLANG_ENABLE_MODULES = YES;
				CLANG_ENABLE_OBJC_ARC = YES;
				CLANG_ENABLE_OBJC_WEAK = YES;
				CLANG_WARN_BLOCK_CAPTURE_AUTORELEASING = YES;
				CLANG_WARN_BOOL_CONVERSION = YES;
				CLANG_WARN_COMMA = YES;
				CLANG_WARN_CONSTANT_CONVERSION = YES;
				CLANG_WARN_DEPRECATED_OBJC_IMPLEMENTATIONS = YES;
				CLANG_WARN_DIRECT_OBJC_ISA_USAGE = YES_ERROR;
				CLANG_WARN_DOCUMENTATION_COMMENTS = YES;
				CLANG_WARN_EMPTY_BODY = YES;
				CLANG_WARN_ENUM_CONVERSION = YES;
				CLANG_WARN_INFINITE_RECURSION = YES;
				CLANG_WARN_INT_CONVERSION = YES;
				CLANG_WARN_NON_LITERAL_NULL_CONVERSION = YES;
				CLANG_WARN_OBJC_IMPLICIT_RETAIN_SELF = YES;
				CLANG_WARN_OBJC_LITERAL_CONVERSION = YES;
				CLANG_WARN_OBJC_ROOT_CLASS = YES_ERROR;
				CLANG_WARN_QUOTED_INCLUDE_IN_FRAMEWORK_HEADER = YES;
				CLANG_WARN_RANGE_LOOP_ANALYSIS = YES;
				CLANG_WARN_STRICT_PROTOTYPES = YES;
				CLANG_WARN_SUSPICIOUS_MOVE = YES;
				CLANG_WARN_UNGUARDED_AVAILABILITY = YES_AGGRESSIVE;
				CLANG_WARN_UNREACHABLE_CODE = YES;
				CLANG_WARN__DUPLICATE_METHOD_MATCH = YES;
				COPY_PHASE_STRIP = NO;
				DEBUG_INFORMATION_FORMAT = "dwarf-with-dsym";
				ENABLE_NS_ASSERTIONS = NO;
				ENABLE_STRICT_OBJC_MSGSEND = YES;
				GCC_C_LANGUAGE_STANDARD = gnu11;
				GCC_NO_COMMON_BLOCKS = YES;
				GCC_WARN_64_TO_32_BIT_CONVERSION = YES;
				GCC_WARN_ABOUT_RETURN_TYPE = YES_ERROR;
				GCC_WARN_UNDECLARED_SELECTOR = YES;
				GCC_WARN_UNINITIALIZED_AUTOS = YES_AGGRESSIVE;
				GCC_WARN_UNUSED_FUNCTION = YES;
				GCC_WARN_UNUSED_VARIABLE = YES;
				IPHONEOS_DEPLOYMENT_TARGET = 15.5;
				MTL_ENABLE_DEBUG_INFO = NO;
				MTL_FAST_MATH = YES;
				SDKROOT = iphoneos;
				SWIFT_COMPILATION_MODE = wholemodule;
				SWIFT_OPTIMIZATION_LEVEL = "-O";
				VALIDATE_PRODUCT = YES;
			};
			name = Release;
		};
		5A25EAA728BF3AB600F606ED /* Debug */ = {
			isa = XCBuildConfiguration;
			baseConfigurationReference = B754F527016A975F266D4E28 /* Pods-4. GoodNews.debug.xcconfig */;
			buildSettings = {
				ASSETCATALOG_COMPILER_APPICON_NAME = AppIcon;
				ASSETCATALOG_COMPILER_GLOBAL_ACCENT_COLOR_NAME = AccentColor;
				CODE_SIGN_STYLE = Automatic;
				CURRENT_PROJECT_VERSION = 1;
				DEVELOPMENT_TEAM = CYS4W9265H;
				GENERATE_INFOPLIST_FILE = YES;
				INFOPLIST_FILE = "4. GoodNews/Info.plist";
				INFOPLIST_KEY_UIApplicationSupportsIndirectInputEvents = YES;
				INFOPLIST_KEY_UILaunchStoryboardName = LaunchScreen;
				INFOPLIST_KEY_UIMainStoryboardFile = Main;
				INFOPLIST_KEY_UISupportedInterfaceOrientations_iPad = "UIInterfaceOrientationPortrait UIInterfaceOrientationPortraitUpsideDown UIInterfaceOrientationLandscapeLeft UIInterfaceOrientationLandscapeRight";
				INFOPLIST_KEY_UISupportedInterfaceOrientations_iPhone = "UIInterfaceOrientationPortrait UIInterfaceOrientationLandscapeLeft UIInterfaceOrientationLandscapeRight";
				LD_RUNPATH_SEARCH_PATHS = (
					"$(inherited)",
					"@executable_path/Frameworks",
				);
				MARKETING_VERSION = 1.0;
				PRODUCT_BUNDLE_IDENTIFIER = "com.jinny.---GoodNews";
				PRODUCT_NAME = "$(TARGET_NAME)";
				SWIFT_EMIT_LOC_STRINGS = YES;
				SWIFT_VERSION = 5.0;
				TARGETED_DEVICE_FAMILY = "1,2";
			};
			name = Debug;
		};
		5A25EAA828BF3AB600F606ED /* Release */ = {
			isa = XCBuildConfiguration;
			baseConfigurationReference = F1C7F3CAB22DC2682CDC31B0 /* Pods-4. GoodNews.release.xcconfig */;
			buildSettings = {
				ASSETCATALOG_COMPILER_APPICON_NAME = AppIcon;
				ASSETCATALOG_COMPILER_GLOBAL_ACCENT_COLOR_NAME = AccentColor;
				CODE_SIGN_STYLE = Automatic;
				CURRENT_PROJECT_VERSION = 1;
				DEVELOPMENT_TEAM = CYS4W9265H;
				GENERATE_INFOPLIST_FILE = YES;
				INFOPLIST_FILE = "4. GoodNews/Info.plist";
				INFOPLIST_KEY_UIApplicationSupportsIndirectInputEvents = YES;
				INFOPLIST_KEY_UILaunchStoryboardName = LaunchScreen;
				INFOPLIST_KEY_UIMainStoryboardFile = Main;
				INFOPLIST_KEY_UISupportedInterfaceOrientations_iPad = "UIInterfaceOrientationPortrait UIInterfaceOrientationPortraitUpsideDown UIInterfaceOrientationLandscapeLeft UIInterfaceOrientationLandscapeRight";
				INFOPLIST_KEY_UISupportedInterfaceOrientations_iPhone = "UIInterfaceOrientationPortrait UIInterfaceOrientationLandscapeLeft UIInterfaceOrientationLandscapeRight";
				LD_RUNPATH_SEARCH_PATHS = (
					"$(inherited)",
					"@executable_path/Frameworks",
				);
				MARKETING_VERSION = 1.0;
				PRODUCT_BUNDLE_IDENTIFIER = "com.jinny.---GoodNews";
				PRODUCT_NAME = "$(TARGET_NAME)";
				SWIFT_EMIT_LOC_STRINGS = YES;
				SWIFT_VERSION = 5.0;
				TARGETED_DEVICE_FAMILY = "1,2";
			};
			name = Release;
		};
/* End XCBuildConfiguration section */

/* Begin XCConfigurationList section */
		5A25EA8D28BF3AB400F606ED /* Build configuration list for PBXProject "4. GoodNews" */ = {
			isa = XCConfigurationList;
			buildConfigurations = (
				5A25EAA428BF3AB600F606ED /* Debug */,
				5A25EAA528BF3AB600F606ED /* Release */,
			);
			defaultConfigurationIsVisible = 0;
			defaultConfigurationName = Release;
		};
		5A25EAA628BF3AB600F606ED /* Build configuration list for PBXNativeTarget "4. GoodNews" */ = {
			isa = XCConfigurationList;
			buildConfigurations = (
				5A25EAA728BF3AB600F606ED /* Debug */,
				5A25EAA828BF3AB600F606ED /* Release */,
			);
			defaultConfigurationIsVisible = 0;
			defaultConfigurationName = Release;
		};
/* End XCConfigurationList section */
	};
	rootObject = 5A25EA8A28BF3AB400F606ED /* Project object */;
}
