// !$*UTF8*$!
{
	archiveVersion = 1;
	classes = {
	};
	objectVersion = 55;
	objects = {

/* Begin PBXBuildFile section */
		2336A3734DB15A3F0B674B98 /* Pods_5__GoodWeather.framework in Frameworks */ = {isa = PBXBuildFile; fileRef = 046ACB27445C670341A9687C /* Pods_5__GoodWeather.framework */; };
		5A0FCFC628C1D03700CC7C87 /* AppDelegate.swift in Sources */ = {isa = PBXBuildFile; fileRef = 5A0FCFC528C1D03700CC7C87 /* AppDelegate.swift */; };
		5A0FCFC828C1D03700CC7C87 /* SceneDelegate.swift in Sources */ = {isa = PBXBuildFile; fileRef = 5A0FCFC728C1D03700CC7C87 /* SceneDelegate.swift */; };
		5A0FCFCA28C1D03700CC7C87 /* ViewController.swift in Sources */ = {isa = PBXBuildFile; fileRef = 5A0FCFC928C1D03700CC7C87 /* ViewController.swift */; };
		5A0FCFCD28C1D03700CC7C87 /* Main.storyboard in Resources */ = {isa = PBXBuildFile; fileRef = 5A0FCFCB28C1D03700CC7C87 /* Main.storyboard */; };
		5A0FCFCF28C1D03800CC7C87 /* Assets.xcassets in Resources */ = {isa = PBXBuildFile; fileRef = 5A0FCFCE28C1D03800CC7C87 /* Assets.xcassets */; };
		5A0FCFD228C1D03800CC7C87 /* LaunchScreen.storyboard in Resources */ = {isa = PBXBuildFile; fileRef = 5A0FCFD028C1D03800CC7C87 /* LaunchScreen.storyboard */; };
		5A0FCFDB28C1D2FD00CC7C87 /* WeatherResult.swift in Sources */ = {isa = PBXBuildFile; fileRef = 5A0FCFDA28C1D2FD00CC7C87 /* WeatherResult.swift */; };
		5A70039628C1D6F200EC0751 /* URLRequest+Extensions.swift in Sources */ = {isa = PBXBuildFile; fileRef = 5A70039528C1D6F200EC0751 /* URLRequest+Extensions.swift */; };
		5A70039828C2461600EC0751 /* URL+Extensions.swift in Sources */ = {isa = PBXBuildFile; fileRef = 5A70039728C2461600EC0751 /* URL+Extensions.swift */; };
/* End PBXBuildFile section */

/* Begin PBXFileReference section */
		046ACB27445C670341A9687C /* Pods_5__GoodWeather.framework */ = {isa = PBXFileReference; explicitFileType = wrapper.framework; includeInIndex = 0; path = Pods_5__GoodWeather.framework; sourceTree = BUILT_PRODUCTS_DIR; };
		5A0FCFC228C1D03700CC7C87 /* 5. GoodWeather.app */ = {isa = PBXFileReference; explicitFileType = wrapper.application; includeInIndex = 0; path = "5. GoodWeather.app"; sourceTree = BUILT_PRODUCTS_DIR; };
		5A0FCFC528C1D03700CC7C87 /* AppDelegate.swift */ = {isa = PBXFileReference; lastKnownFileType = sourcecode.swift; path = AppDelegate.swift; sourceTree = "<group>"; };
		5A0FCFC728C1D03700CC7C87 /* SceneDelegate.swift */ = {isa = PBXFileReference; lastKnownFileType = sourcecode.swift; path = SceneDelegate.swift; sourceTree = "<group>"; };
		5A0FCFC928C1D03700CC7C87 /* ViewController.swift */ = {isa = PBXFileReference; lastKnownFileType = sourcecode.swift; path = ViewController.swift; sourceTree = "<group>"; };
		5A0FCFCC28C1D03700CC7C87 /* Base */ = {isa = PBXFileReference; lastKnownFileType = file.storyboard; name = Base; path = Base.lproj/Main.storyboard; sourceTree = "<group>"; };
		5A0FCFCE28C1D03800CC7C87 /* Assets.xcassets */ = {isa = PBXFileReference; lastKnownFileType = folder.assetcatalog; path = Assets.xcassets; sourceTree = "<group>"; };
		5A0FCFD128C1D03800CC7C87 /* Base */ = {isa = PBXFileReference; lastKnownFileType = file.storyboard; name = Base; path = Base.lproj/LaunchScreen.storyboard; sourceTree = "<group>"; };
		5A0FCFD328C1D03800CC7C87 /* Info.plist */ = {isa = PBXFileReference; lastKnownFileType = text.plist.xml; path = Info.plist; sourceTree = "<group>"; };
		5A0FCFDA28C1D2FD00CC7C87 /* WeatherResult.swift */ = {isa = PBXFileReference; lastKnownFileType = sourcecode.swift; path = WeatherResult.swift; sourceTree = "<group>"; };
		5A70039528C1D6F200EC0751 /* URLRequest+Extensions.swift */ = {isa = PBXFileReference; lastKnownFileType = sourcecode.swift; path = "URLRequest+Extensions.swift"; sourceTree = "<group>"; };
		5A70039728C2461600EC0751 /* URL+Extensions.swift */ = {isa = PBXFileReference; lastKnownFileType = sourcecode.swift; path = "URL+Extensions.swift"; sourceTree = "<group>"; };
		B2D03A8086AA6F7E4CC92283 /* Pods-5. GoodWeather.debug.xcconfig */ = {isa = PBXFileReference; includeInIndex = 1; lastKnownFileType = text.xcconfig; name = "Pods-5. GoodWeather.debug.xcconfig"; path = "Target Support Files/Pods-5. GoodWeather/Pods-5. GoodWeather.debug.xcconfig"; sourceTree = "<group>"; };
		F6DE31584686BC282798DAA4 /* Pods-5. GoodWeather.release.xcconfig */ = {isa = PBXFileReference; includeInIndex = 1; lastKnownFileType = text.xcconfig; name = "Pods-5. GoodWeather.release.xcconfig"; path = "Target Support Files/Pods-5. GoodWeather/Pods-5. GoodWeather.release.xcconfig"; sourceTree = "<group>"; };
/* End PBXFileReference section */

/* Begin PBXFrameworksBuildPhase section */
		5A0FCFBF28C1D03700CC7C87 /* Frameworks */ = {
			isa = PBXFrameworksBuildPhase;
			buildActionMask = 2147483647;
			files = (
				2336A3734DB15A3F0B674B98 /* Pods_5__GoodWeather.framework in Frameworks */,
			);
			runOnlyForDeploymentPostprocessing = 0;
		};
/* End PBXFrameworksBuildPhase section */

/* Begin PBXGroup section */
		2AF03E523491038F8D0259F4 /* Pods */ = {
			isa = PBXGroup;
			children = (
				B2D03A8086AA6F7E4CC92283 /* Pods-5. GoodWeather.debug.xcconfig */,
				F6DE31584686BC282798DAA4 /* Pods-5. GoodWeather.release.xcconfig */,
			);
			path = Pods;
			sourceTree = "<group>";
		};
		5A0FCFB928C1D03700CC7C87 = {
			isa = PBXGroup;
			children = (
				5A0FCFC428C1D03700CC7C87 /* 5. GoodWeather */,
				5A0FCFC328C1D03700CC7C87 /* Products */,
				2AF03E523491038F8D0259F4 /* Pods */,
				AD4FFA01A227DE4C3175284D /* Frameworks */,
			);
			sourceTree = "<group>";
		};
		5A0FCFC328C1D03700CC7C87 /* Products */ = {
			isa = PBXGroup;
			children = (
				5A0FCFC228C1D03700CC7C87 /* 5. GoodWeather.app */,
			);
			name = Products;
			sourceTree = "<group>";
		};
		5A0FCFC428C1D03700CC7C87 /* 5. GoodWeather */ = {
			isa = PBXGroup;
			children = (
				5A70039428C1D67B00EC0751 /* Extensions */,
				5A0FCFD928C1D2F000CC7C87 /* Models */,
				5A0FCFC528C1D03700CC7C87 /* AppDelegate.swift */,
				5A0FCFC728C1D03700CC7C87 /* SceneDelegate.swift */,
				5A0FCFC928C1D03700CC7C87 /* ViewController.swift */,
				5A0FCFCB28C1D03700CC7C87 /* Main.storyboard */,
				5A0FCFCE28C1D03800CC7C87 /* Assets.xcassets */,
				5A0FCFD028C1D03800CC7C87 /* LaunchScreen.storyboard */,
				5A0FCFD328C1D03800CC7C87 /* Info.plist */,
			);
			path = "5. GoodWeather";
			sourceTree = "<group>";
		};
		5A0FCFD928C1D2F000CC7C87 /* Models */ = {
			isa = PBXGroup;
			children = (
				5A0FCFDA28C1D2FD00CC7C87 /* WeatherResult.swift */,
			);
			path = Models;
			sourceTree = "<group>";
		};
		5A70039428C1D67B00EC0751 /* Extensions */ = {
			isa = PBXGroup;
			children = (
				5A70039528C1D6F200EC0751 /* URLRequest+Extensions.swift */,
				5A70039728C2461600EC0751 /* URL+Extensions.swift */,
			);
			path = Extensions;
			sourceTree = "<group>";
		};
		AD4FFA01A227DE4C3175284D /* Frameworks */ = {
			isa = PBXGroup;
			children = (
				046ACB27445C670341A9687C /* Pods_5__GoodWeather.framework */,
			);
			name = Frameworks;
			sourceTree = "<group>";
		};
/* End PBXGroup section */

/* Begin PBXNativeTarget section */
		5A0FCFC128C1D03700CC7C87 /* 5. GoodWeather */ = {
			isa = PBXNativeTarget;
			buildConfigurationList = 5A0FCFD628C1D03800CC7C87 /* Build configuration list for PBXNativeTarget "5. GoodWeather" */;
			buildPhases = (
				7A1615334D3D71FF3E0837DB /* [CP] Check Pods Manifest.lock */,
				5A0FCFBE28C1D03700CC7C87 /* Sources */,
				5A0FCFBF28C1D03700CC7C87 /* Frameworks */,
				5A0FCFC028C1D03700CC7C87 /* Resources */,
				CFBF14D59AE16F6B5DE0B208 /* [CP] Embed Pods Frameworks */,
			);
			buildRules = (
			);
			dependencies = (
			);
			name = "5. GoodWeather";
			productName = "5. GoodWeather";
			productReference = 5A0FCFC228C1D03700CC7C87 /* 5. GoodWeather.app */;
			productType = "com.apple.product-type.application";
		};
/* End PBXNativeTarget section */

/* Begin PBXProject section */
		5A0FCFBA28C1D03700CC7C87 /* Project object */ = {
			isa = PBXProject;
			attributes = {
				BuildIndependentTargetsInParallel = 1;
				LastSwiftUpdateCheck = 1340;
				LastUpgradeCheck = 1340;
				TargetAttributes = {
					5A0FCFC128C1D03700CC7C87 = {
						CreatedOnToolsVersion = 13.4.1;
					};
				};
			};
			buildConfigurationList = 5A0FCFBD28C1D03700CC7C87 /* Build configuration list for PBXProject "5. GoodWeather" */;
			compatibilityVersion = "Xcode 13.0";
			developmentRegion = en;
			hasScannedForEncodings = 0;
			knownRegions = (
				en,
				Base,
			);
			mainGroup = 5A0FCFB928C1D03700CC7C87;
			productRefGroup = 5A0FCFC328C1D03700CC7C87 /* Products */;
			projectDirPath = "";
			projectRoot = "";
			targets = (
				5A0FCFC128C1D03700CC7C87 /* 5. GoodWeather */,
			);
		};
/* End PBXProject section */

/* Begin PBXResourcesBuildPhase section */
		5A0FCFC028C1D03700CC7C87 /* Resources */ = {
			isa = PBXResourcesBuildPhase;
			buildActionMask = 2147483647;
			files = (
				5A0FCFD228C1D03800CC7C87 /* LaunchScreen.storyboard in Resources */,
				5A0FCFCF28C1D03800CC7C87 /* Assets.xcassets in Resources */,
				5A0FCFCD28C1D03700CC7C87 /* Main.storyboard in Resources */,
			);
			runOnlyForDeploymentPostprocessing = 0;
		};
/* End PBXResourcesBuildPhase section */

/* Begin PBXShellScriptBuildPhase section */
		7A1615334D3D71FF3E0837DB /* [CP] Check Pods Manifest.lock */ = {
			isa = PBXShellScriptBuildPhase;
			buildActionMask = 2147483647;
			files = (
			);
			inputFileListPaths = (
			);
			inputPaths = (
				"${PODS_PODFILE_DIR_PATH}/Podfile.lock",
				"${PODS_ROOT}/Manifest.lock",
			);
			name = "[CP] Check Pods Manifest.lock";
			outputFileListPaths = (
			);
			outputPaths = (
				"$(DERIVED_FILE_DIR)/Pods-5. GoodWeather-checkManifestLockResult.txt",
			);
			runOnlyForDeploymentPostprocessing = 0;
			shellPath = /bin/sh;
			shellScript = "diff \"${PODS_PODFILE_DIR_PATH}/Podfile.lock\" \"${PODS_ROOT}/Manifest.lock\" > /dev/null\nif [ $? != 0 ] ; then\n    # print error to STDERR\n    echo \"error: The sandbox is not in sync with the Podfile.lock. Run 'pod install' or update your CocoaPods installation.\" >&2\n    exit 1\nfi\n# This output is used by Xcode 'outputs' to avoid re-running this script phase.\necho \"SUCCESS\" > \"${SCRIPT_OUTPUT_FILE_0}\"\n";
			showEnvVarsInLog = 0;
		};
		CFBF14D59AE16F6B5DE0B208 /* [CP] Embed Pods Frameworks */ = {
			isa = PBXShellScriptBuildPhase;
			buildActionMask = 2147483647;
			files = (
			);
			inputFileListPaths = (
				"${PODS_ROOT}/Target Support Files/Pods-5. GoodWeather/Pods-5. GoodWeather-frameworks-${CONFIGURATION}-input-files.xcfilelist",
			);
			name = "[CP] Embed Pods Frameworks";
			outputFileListPaths = (
				"${PODS_ROOT}/Target Support Files/Pods-5. GoodWeather/Pods-5. GoodWeather-frameworks-${CONFIGURATION}-output-files.xcfilelist",
			);
			runOnlyForDeploymentPostprocessing = 0;
			shellPath = /bin/sh;
			shellScript = "\"${PODS_ROOT}/Target Support Files/Pods-5. GoodWeather/Pods-5. GoodWeather-frameworks.sh\"\n";
			showEnvVarsInLog = 0;
		};
/* End PBXShellScriptBuildPhase section */

/* Begin PBXSourcesBuildPhase section */
		5A0FCFBE28C1D03700CC7C87 /* Sources */ = {
			isa = PBXSourcesBuildPhase;
			buildActionMask = 2147483647;
			files = (
				5A70039628C1D6F200EC0751 /* URLRequest+Extensions.swift in Sources */,
				5A70039828C2461600EC0751 /* URL+Extensions.swift in Sources */,
				5A0FCFCA28C1D03700CC7C87 /* ViewController.swift in Sources */,
				5A0FCFDB28C1D2FD00CC7C87 /* WeatherResult.swift in Sources */,
				5A0FCFC628C1D03700CC7C87 /* AppDelegate.swift in Sources */,
				5A0FCFC828C1D03700CC7C87 /* SceneDelegate.swift in Sources */,
			);
			runOnlyForDeploymentPostprocessing = 0;
		};
/* End PBXSourcesBuildPhase section */

/* Begin PBXVariantGroup section */
		5A0FCFCB28C1D03700CC7C87 /* Main.storyboard */ = {
			isa = PBXVariantGroup;
			children = (
				5A0FCFCC28C1D03700CC7C87 /* Base */,
			);
			name = Main.storyboard;
			sourceTree = "<group>";
		};
		5A0FCFD028C1D03800CC7C87 /* LaunchScreen.storyboard */ = {
			isa = PBXVariantGroup;
			children = (
				5A0FCFD128C1D03800CC7C87 /* Base */,
			);
			name = LaunchScreen.storyboard;
			sourceTree = "<group>";
		};
/* End PBXVariantGroup section */

/* Begin XCBuildConfiguration section */
		5A0FCFD428C1D03800CC7C87 /* Debug */ = {
			isa = XCBuildConfiguration;
			buildSettings = {
				ALWAYS_SEARCH_USER_PATHS = NO;
				CLANG_ANALYZER_NONNULL = YES;
				CLANG_ANALYZER_NUMBER_OBJECT_CONVERSION = YES_AGGRESSIVE;
				CLANG_CXX_LANGUAGE_STANDARD = "gnu++17";
				CLANG_ENABLE_MODULES = YES;
				CLANG_ENABLE_OBJC_ARC = YES;
				CLANG_ENABLE_OBJC_WEAK = YES;
				CLANG_WARN_BLOCK_CAPTURE_AUTORELEASING = YES;
				CLANG_WARN_BOOL_CONVERSION = YES;
				CLANG_WARN_COMMA = YES;
				CLANG_WARN_CONSTANT_CONVERSION = YES;
				CLANG_WARN_DEPRECATED_OBJC_IMPLEMENTATIONS = YES;
				CLANG_WARN_DIRECT_OBJC_ISA_USAGE = YES_ERROR;
				CLANG_WARN_DOCUMENTATION_COMMENTS = YES;
				CLANG_WARN_EMPTY_BODY = YES;
				CLANG_WARN_ENUM_CONVERSION = YES;
				CLANG_WARN_INFINITE_RECURSION = YES;
				CLANG_WARN_INT_CONVERSION = YES;
				CLANG_WARN_NON_LITERAL_NULL_CONVERSION = YES;
				CLANG_WARN_OBJC_IMPLICIT_RETAIN_SELF = YES;
				CLANG_WARN_OBJC_LITERAL_CONVERSION = YES;
				CLANG_WARN_OBJC_ROOT_CLASS = YES_ERROR;
				CLANG_WARN_QUOTED_INCLUDE_IN_FRAMEWORK_HEADER = YES;
				CLANG_WARN_RANGE_LOOP_ANALYSIS = YES;
				CLANG_WARN_STRICT_PROTOTYPES = YES;
				CLANG_WARN_SUSPICIOUS_MOVE = YES;
				CLANG_WARN_UNGUARDED_AVAILABILITY = YES_AGGRESSIVE;
				CLANG_WARN_UNREACHABLE_CODE = YES;
				CLANG_WARN__DUPLICATE_METHOD_MATCH = YES;
				COPY_PHASE_STRIP = NO;
				DEBUG_INFORMATION_FORMAT = dwarf;
				ENABLE_STRICT_OBJC_MSGSEND = YES;
				ENABLE_TESTABILITY = YES;
				GCC_C_LANGUAGE_STANDARD = gnu11;
				GCC_DYNAMIC_NO_PIC = NO;
				GCC_NO_COMMON_BLOCKS = YES;
				GCC_OPTIMIZATION_LEVEL = 0;
				GCC_PREPROCESSOR_DEFINITIONS = (
					"DEBUG=1",
					"$(inherited)",
				);
				GCC_WARN_64_TO_32_BIT_CONVERSION = YES;
				GCC_WARN_ABOUT_RETURN_TYPE = YES_ERROR;
				GCC_WARN_UNDECLARED_SELECTOR = YES;
				GCC_WARN_UNINITIALIZED_AUTOS = YES_AGGRESSIVE;
				GCC_WARN_UNUSED_FUNCTION = YES;
				GCC_WARN_UNUSED_VARIABLE = YES;
				IPHONEOS_DEPLOYMENT_TARGET = 15.5;
				MTL_ENABLE_DEBUG_INFO = INCLUDE_SOURCE;
				MTL_FAST_MATH = YES;
				ONLY_ACTIVE_ARCH = YES;
				SDKROOT = iphoneos;
				SWIFT_ACTIVE_COMPILATION_CONDITIONS = DEBUG;
				SWIFT_OPTIMIZATION_LEVEL = "-Onone";
			};
			name = Debug;
		};
		5A0FCFD528C1D03800CC7C87 /* Release */ = {
			isa = XCBuildConfiguration;
			buildSettings = {
				ALWAYS_SEARCH_USER_PATHS = NO;
				CLANG_ANALYZER_NONNULL = YES;
				CLANG_ANALYZER_NUMBER_OBJECT_CONVERSION = YES_AGGRESSIVE;
				CLANG_CXX_LANGUAGE_STANDARD = "gnu++17";
				CLANG_ENABLE_MODULES = YES;
				CLANG_ENABLE_OBJC_ARC = YES;
				CLANG_ENABLE_OBJC_WEAK = YES;
				CLANG_WARN_BLOCK_CAPTURE_AUTORELEASING = YES;
				CLANG_WARN_BOOL_CONVERSION = YES;
				CLANG_WARN_COMMA = YES;
				CLANG_WARN_CONSTANT_CONVERSION = YES;
				CLANG_WARN_DEPRECATED_OBJC_IMPLEMENTATIONS = YES;
				CLANG_WARN_DIRECT_OBJC_ISA_USAGE = YES_ERROR;
				CLANG_WARN_DOCUMENTATION_COMMENTS = YES;
				CLANG_WARN_EMPTY_BODY = YES;
				CLANG_WARN_ENUM_CONVERSION = YES;
				CLANG_WARN_INFINITE_RECURSION = YES;
				CLANG_WARN_INT_CONVERSION = YES;
				CLANG_WARN_NON_LITERAL_NULL_CONVERSION = YES;
				CLANG_WARN_OBJC_IMPLICIT_RETAIN_SELF = YES;
				CLANG_WARN_OBJC_LITERAL_CONVERSION = YES;
				CLANG_WARN_OBJC_ROOT_CLASS = YES_ERROR;
				CLANG_WARN_QUOTED_INCLUDE_IN_FRAMEWORK_HEADER = YES;
				CLANG_WARN_RANGE_LOOP_ANALYSIS = YES;
				CLANG_WARN_STRICT_PROTOTYPES = YES;
				CLANG_WARN_SUSPICIOUS_MOVE = YES;
				CLANG_WARN_UNGUARDED_AVAILABILITY = YES_AGGRESSIVE;
				CLANG_WARN_UNREACHABLE_CODE = YES;
				CLANG_WARN__DUPLICATE_METHOD_MATCH = YES;
				COPY_PHASE_STRIP = NO;
				DEBUG_INFORMATION_FORMAT = "dwarf-with-dsym";
				ENABLE_NS_ASSERTIONS = NO;
				ENABLE_STRICT_OBJC_MSGSEND = YES;
				GCC_C_LANGUAGE_STANDARD = gnu11;
				GCC_NO_COMMON_BLOCKS = YES;
				GCC_WARN_64_TO_32_BIT_CONVERSION = YES;
				GCC_WARN_ABOUT_RETURN_TYPE = YES_ERROR;
				GCC_WARN_UNDECLARED_SELECTOR = YES;
				GCC_WARN_UNINITIALIZED_AUTOS = YES_AGGRESSIVE;
				GCC_WARN_UNUSED_FUNCTION = YES;
				GCC_WARN_UNUSED_VARIABLE = YES;
				IPHONEOS_DEPLOYMENT_TARGET = 15.5;
				MTL_ENABLE_DEBUG_INFO = NO;
				MTL_FAST_MATH = YES;
				SDKROOT = iphoneos;
				SWIFT_COMPILATION_MODE = wholemodule;
				SWIFT_OPTIMIZATION_LEVEL = "-O";
				VALIDATE_PRODUCT = YES;
			};
			name = Release;
		};
		5A0FCFD728C1D03800CC7C87 /* Debug */ = {
			isa = XCBuildConfiguration;
			baseConfigurationReference = B2D03A8086AA6F7E4CC92283 /* Pods-5. GoodWeather.debug.xcconfig */;
			buildSettings = {
				ASSETCATALOG_COMPILER_APPICON_NAME = AppIcon;
				ASSETCATALOG_COMPILER_GLOBAL_ACCENT_COLOR_NAME = AccentColor;
				CODE_SIGN_STYLE = Automatic;
				CURRENT_PROJECT_VERSION = 1;
				DEVELOPMENT_TEAM = CYS4W9265H;
				GENERATE_INFOPLIST_FILE = YES;
				INFOPLIST_FILE = "5. GoodWeather/Info.plist";
				INFOPLIST_KEY_UIApplicationSupportsIndirectInputEvents = YES;
				INFOPLIST_KEY_UILaunchStoryboardName = LaunchScreen;
				INFOPLIST_KEY_UIMainStoryboardFile = Main;
				INFOPLIST_KEY_UISupportedInterfaceOrientations_iPad = "UIInterfaceOrientationPortrait UIInterfaceOrientationPortraitUpsideDown UIInterfaceOrientationLandscapeLeft UIInterfaceOrientationLandscapeRight";
				INFOPLIST_KEY_UISupportedInterfaceOrientations_iPhone = "UIInterfaceOrientationPortrait UIInterfaceOrientationLandscapeLeft UIInterfaceOrientationLandscapeRight";
				LD_RUNPATH_SEARCH_PATHS = (
					"$(inherited)",
					"@executable_path/Frameworks",
				);
				MARKETING_VERSION = 1.0;
				PRODUCT_BUNDLE_IDENTIFIER = "com.jinny.---GoodWeather";
				PRODUCT_NAME = "$(TARGET_NAME)";
				SWIFT_EMIT_LOC_STRINGS = YES;
				SWIFT_VERSION = 5.0;
				TARGETED_DEVICE_FAMILY = "1,2";
			};
			name = Debug;
		};
		5A0FCFD828C1D03800CC7C87 /* Release */ = {
			isa = XCBuildConfiguration;
			baseConfigurationReference = F6DE31584686BC282798DAA4 /* Pods-5. GoodWeather.release.xcconfig */;
			buildSettings = {
				ASSETCATALOG_COMPILER_APPICON_NAME = AppIcon;
				ASSETCATALOG_COMPILER_GLOBAL_ACCENT_COLOR_NAME = AccentColor;
				CODE_SIGN_STYLE = Automatic;
				CURRENT_PROJECT_VERSION = 1;
				DEVELOPMENT_TEAM = CYS4W9265H;
				GENERATE_INFOPLIST_FILE = YES;
				INFOPLIST_FILE = "5. GoodWeather/Info.plist";
				INFOPLIST_KEY_UIApplicationSupportsIndirectInputEvents = YES;
				INFOPLIST_KEY_UILaunchStoryboardName = LaunchScreen;
				INFOPLIST_KEY_UIMainStoryboardFile = Main;
				INFOPLIST_KEY_UISupportedInterfaceOrientations_iPad = "UIInterfaceOrientationPortrait UIInterfaceOrientationPortraitUpsideDown UIInterfaceOrientationLandscapeLeft UIInterfaceOrientationLandscapeRight";
				INFOPLIST_KEY_UISupportedInterfaceOrientations_iPhone = "UIInterfaceOrientationPortrait UIInterfaceOrientationLandscapeLeft UIInterfaceOrientationLandscapeRight";
				LD_RUNPATH_SEARCH_PATHS = (
					"$(inherited)",
					"@executable_path/Frameworks",
				);
				MARKETING_VERSION = 1.0;
				PRODUCT_BUNDLE_IDENTIFIER = "com.jinny.---GoodWeather";
				PRODUCT_NAME = "$(TARGET_NAME)";
				SWIFT_EMIT_LOC_STRINGS = YES;
				SWIFT_VERSION = 5.0;
				TARGETED_DEVICE_FAMILY = "1,2";
			};
			name = Release;
		};
/* End XCBuildConfiguration section */

/* Begin XCConfigurationList section */
		5A0FCFBD28C1D03700CC7C87 /* Build configuration list for PBXProject "5. GoodWeather" */ = {
			isa = XCConfigurationList;
			buildConfigurations = (
				5A0FCFD428C1D03800CC7C87 /* Debug */,
				5A0FCFD528C1D03800CC7C87 /* Release */,
			);
			defaultConfigurationIsVisible = 0;
			defaultConfigurationName = Release;
		};
		5A0FCFD628C1D03800CC7C87 /* Build configuration list for PBXNativeTarget "5. GoodWeather" */ = {
			isa = XCConfigurationList;
			buildConfigurations = (
				5A0FCFD728C1D03800CC7C87 /* Debug */,
				5A0FCFD828C1D03800CC7C87 /* Release */,
			);
			defaultConfigurationIsVisible = 0;
			defaultConfigurationName = Release;
		};
/* End XCConfigurationList section */
	};
	rootObject = 5A0FCFBA28C1D03700CC7C87 /* Project object */;
}
