// !$*UTF8*$!
{
	archiveVersion = 1;
	classes = {
	};
	objectVersion = 55;
	objects = {

/* Begin PBXBuildFile section */
		2416A241C5B724D7C133725B /* Pods_2__CameraFilter.framework in Frameworks */ = {isa = PBXBuildFile; fileRef = E3F9A42A18A0A0C21CBD2442 /* Pods_2__CameraFilter.framework */; };
		5A5F42B728B5FA0C0090BE65 /* PhotoCollectionViewCell.swift in Sources */ = {isa = PBXBuildFile; fileRef = 5A5F42B628B5FA0C0090BE65 /* PhotoCollectionViewCell.swift */; };
		5A7565DB28B6228A0008BD97 /* FilterService.swift in Sources */ = {isa = PBXBuildFile; fileRef = 5A7565DA28B6228A0008BD97 /* FilterService.swift */; };
		5AF30DE228B5E4EF00633E22 /* AppDelegate.swift in Sources */ = {isa = PBXBuildFile; fileRef = 5AF30DE128B5E4EF00633E22 /* AppDelegate.swift */; };
		5AF30DE428B5E4EF00633E22 /* SceneDelegate.swift in Sources */ = {isa = PBXBuildFile; fileRef = 5AF30DE328B5E4EF00633E22 /* SceneDelegate.swift */; };
		5AF30DE628B5E4EF00633E22 /* ViewController.swift in Sources */ = {isa = PBXBuildFile; fileRef = 5AF30DE528B5E4EF00633E22 /* ViewController.swift */; };
		5AF30DE928B5E4EF00633E22 /* Main.storyboard in Resources */ = {isa = PBXBuildFile; fileRef = 5AF30DE728B5E4EF00633E22 /* Main.storyboard */; };
		5AF30DEC28B5E4EF00633E22 /* ___CameraFilter.xcdatamodeld in Sources */ = {isa = PBXBuildFile; fileRef = 5AF30DEA28B5E4EF00633E22 /* ___CameraFilter.xcdatamodeld */; };
		5AF30DEE28B5E4F100633E22 /* Assets.xcassets in Resources */ = {isa = PBXBuildFile; fileRef = 5AF30DED28B5E4F100633E22 /* Assets.xcassets */; };
		5AF30DF128B5E4F100633E22 /* LaunchScreen.storyboard in Resources */ = {isa = PBXBuildFile; fileRef = 5AF30DEF28B5E4F100633E22 /* LaunchScreen.storyboard */; };
		5AF30DF928B5E73300633E22 /* PhotosCollectionViewController.swift in Sources */ = {isa = PBXBuildFile; fileRef = 5AF30DF828B5E73300633E22 /* PhotosCollectionViewController.swift */; };
/* End PBXBuildFile section */

/* Begin PBXFileReference section */
		2FC7706BE029E3E3007DE74D /* Pods-2. CameraFilter.release.xcconfig */ = {isa = PBXFileReference; includeInIndex = 1; lastKnownFileType = text.xcconfig; name = "Pods-2. CameraFilter.release.xcconfig"; path = "Target Support Files/Pods-2. CameraFilter/Pods-2. CameraFilter.release.xcconfig"; sourceTree = "<group>"; };
		5A5F42B628B5FA0C0090BE65 /* PhotoCollectionViewCell.swift */ = {isa = PBXFileReference; lastKnownFileType = sourcecode.swift; path = PhotoCollectionViewCell.swift; sourceTree = "<group>"; };
		5A7565DA28B6228A0008BD97 /* FilterService.swift */ = {isa = PBXFileReference; lastKnownFileType = sourcecode.swift; path = FilterService.swift; sourceTree = "<group>"; };
		5AF30DDE28B5E4EF00633E22 /* 2. CameraFilter.app */ = {isa = PBXFileReference; explicitFileType = wrapper.application; includeInIndex = 0; path = "2. CameraFilter.app"; sourceTree = BUILT_PRODUCTS_DIR; };
		5AF30DE128B5E4EF00633E22 /* AppDelegate.swift */ = {isa = PBXFileReference; lastKnownFileType = sourcecode.swift; path = AppDelegate.swift; sourceTree = "<group>"; };
		5AF30DE328B5E4EF00633E22 /* SceneDelegate.swift */ = {isa = PBXFileReference; lastKnownFileType = sourcecode.swift; path = SceneDelegate.swift; sourceTree = "<group>"; };
		5AF30DE528B5E4EF00633E22 /* ViewController.swift */ = {isa = PBXFileReference; lastKnownFileType = sourcecode.swift; path = ViewController.swift; sourceTree = "<group>"; };
		5AF30DE828B5E4EF00633E22 /* Base */ = {isa = PBXFileReference; lastKnownFileType = file.storyboard; name = Base; path = Base.lproj/Main.storyboard; sourceTree = "<group>"; };
		5AF30DEB28B5E4EF00633E22 /* ___CameraFilter.xcdatamodel */ = {isa = PBXFileReference; lastKnownFileType = wrapper.xcdatamodel; path = "___CameraFilter.xcdatamodel"; sourceTree = "<group>"; };
		5AF30DED28B5E4F100633E22 /* Assets.xcassets */ = {isa = PBXFileReference; lastKnownFileType = folder.assetcatalog; path = Assets.xcassets; sourceTree = "<group>"; };
		5AF30DF028B5E4F100633E22 /* Base */ = {isa = PBXFileReference; lastKnownFileType = file.storyboard; name = Base; path = Base.lproj/LaunchScreen.storyboard; sourceTree = "<group>"; };
		5AF30DF228B5E4F100633E22 /* Info.plist */ = {isa = PBXFileReference; lastKnownFileType = text.plist.xml; path = Info.plist; sourceTree = "<group>"; };
		5AF30DF828B5E73300633E22 /* PhotosCollectionViewController.swift */ = {isa = PBXFileReference; lastKnownFileType = sourcecode.swift; path = PhotosCollectionViewController.swift; sourceTree = "<group>"; };
		98B1787010A51ACCF0AE15EB /* Pods-2. CameraFilter.debug.xcconfig */ = {isa = PBXFileReference; includeInIndex = 1; lastKnownFileType = text.xcconfig; name = "Pods-2. CameraFilter.debug.xcconfig"; path = "Target Support Files/Pods-2. CameraFilter/Pods-2. CameraFilter.debug.xcconfig"; sourceTree = "<group>"; };
		E3F9A42A18A0A0C21CBD2442 /* Pods_2__CameraFilter.framework */ = {isa = PBXFileReference; explicitFileType = wrapper.framework; includeInIndex = 0; path = Pods_2__CameraFilter.framework; sourceTree = BUILT_PRODUCTS_DIR; };
/* End PBXFileReference section */

/* Begin PBXFrameworksBuildPhase section */
		5AF30DDB28B5E4EF00633E22 /* Frameworks */ = {
			isa = PBXFrameworksBuildPhase;
			buildActionMask = 2147483647;
			files = (
				2416A241C5B724D7C133725B /* Pods_2__CameraFilter.framework in Frameworks */,
			);
			runOnlyForDeploymentPostprocessing = 0;
		};
/* End PBXFrameworksBuildPhase section */

/* Begin PBXGroup section */
		291E74985647E4BF21A8AB4E /* Frameworks */ = {
			isa = PBXGroup;
			children = (
				E3F9A42A18A0A0C21CBD2442 /* Pods_2__CameraFilter.framework */,
			);
			name = Frameworks;
			sourceTree = "<group>";
		};
		5AF30DD528B5E4EF00633E22 = {
			isa = PBXGroup;
			children = (
				5AF30DE028B5E4EF00633E22 /* 2. CameraFilter */,
				5AF30DDF28B5E4EF00633E22 /* Products */,
				F63B1A827FB467D20F61B67C /* Pods */,
				291E74985647E4BF21A8AB4E /* Frameworks */,
			);
			sourceTree = "<group>";
		};
		5AF30DDF28B5E4EF00633E22 /* Products */ = {
			isa = PBXGroup;
			children = (
				5AF30DDE28B5E4EF00633E22 /* 2. CameraFilter.app */,
			);
			name = Products;
			sourceTree = "<group>";
		};
		5AF30DE028B5E4EF00633E22 /* 2. CameraFilter */ = {
			isa = PBXGroup;
			children = (
				5AF30DE128B5E4EF00633E22 /* AppDelegate.swift */,
				5AF30DE328B5E4EF00633E22 /* SceneDelegate.swift */,
				5AF30DE528B5E4EF00633E22 /* ViewController.swift */,
				5AF30DF828B5E73300633E22 /* PhotosCollectionViewController.swift */,
				5A5F42B628B5FA0C0090BE65 /* PhotoCollectionViewCell.swift */,
				5AF30DE728B5E4EF00633E22 /* Main.storyboard */,
				5AF30DED28B5E4F100633E22 /* Assets.xcassets */,
				5AF30DEF28B5E4F100633E22 /* LaunchScreen.storyboard */,
				5AF30DF228B5E4F100633E22 /* Info.plist */,
				5AF30DEA28B5E4EF00633E22 /* ___CameraFilter.xcdatamodeld */,
				5A7565DA28B6228A0008BD97 /* FilterService.swift */,
			);
			path = "2. CameraFilter";
			sourceTree = "<group>";
		};
		F63B1A827FB467D20F61B67C /* Pods */ = {
			isa = PBXGroup;
			children = (
				98B1787010A51ACCF0AE15EB /* Pods-2. CameraFilter.debug.xcconfig */,
				2FC7706BE029E3E3007DE74D /* Pods-2. CameraFilter.release.xcconfig */,
			);
			path = Pods;
			sourceTree = "<group>";
		};
/* End PBXGroup section */

/* Begin PBXNativeTarget section */
		5AF30DDD28B5E4EF00633E22 /* 2. CameraFilter */ = {
			isa = PBXNativeTarget;
			buildConfigurationList = 5AF30DF528B5E4F100633E22 /* Build configuration list for PBXNativeTarget "2. CameraFilter" */;
			buildPhases = (
				7118A4DC16BE78117A31776E /* [CP] Check Pods Manifest.lock */,
				5AF30DDA28B5E4EF00633E22 /* Sources */,
				5AF30DDB28B5E4EF00633E22 /* Frameworks */,
				5AF30DDC28B5E4EF00633E22 /* Resources */,
				9DFFD31135FD4548901F91F6 /* [CP] Embed Pods Frameworks */,
			);
			buildRules = (
			);
			dependencies = (
			);
			name = "2. CameraFilter";
			productName = "2. CameraFilter";
			productReference = 5AF30DDE28B5E4EF00633E22 /* 2. CameraFilter.app */;
			productType = "com.apple.product-type.application";
		};
/* End PBXNativeTarget section */

/* Begin PBXProject section */
		5AF30DD628B5E4EF00633E22 /* Project object */ = {
			isa = PBXProject;
			attributes = {
				BuildIndependentTargetsInParallel = 1;
				LastSwiftUpdateCheck = 1340;
				LastUpgradeCheck = 1340;
				TargetAttributes = {
					5AF30DDD28B5E4EF00633E22 = {
						CreatedOnToolsVersion = 13.4.1;
					};
				};
			};
			buildConfigurationList = 5AF30DD928B5E4EF00633E22 /* Build configuration list for PBXProject "2. CameraFilter" */;
			compatibilityVersion = "Xcode 13.0";
			developmentRegion = en;
			hasScannedForEncodings = 0;
			knownRegions = (
				en,
				Base,
			);
			mainGroup = 5AF30DD528B5E4EF00633E22;
			productRefGroup = 5AF30DDF28B5E4EF00633E22 /* Products */;
			projectDirPath = "";
			projectRoot = "";
			targets = (
				5AF30DDD28B5E4EF00633E22 /* 2. CameraFilter */,
			);
		};
/* End PBXProject section */

/* Begin PBXResourcesBuildPhase section */
		5AF30DDC28B5E4EF00633E22 /* Resources */ = {
			isa = PBXResourcesBuildPhase;
			buildActionMask = 2147483647;
			files = (
				5AF30DF128B5E4F100633E22 /* LaunchScreen.storyboard in Resources */,
				5AF30DEE28B5E4F100633E22 /* Assets.xcassets in Resources */,
				5AF30DE928B5E4EF00633E22 /* Main.storyboard in Resources */,
			);
			runOnlyForDeploymentPostprocessing = 0;
		};
/* End PBXResourcesBuildPhase section */

/* Begin PBXShellScriptBuildPhase section */
		7118A4DC16BE78117A31776E /* [CP] Check Pods Manifest.lock */ = {
			isa = PBXShellScriptBuildPhase;
			buildActionMask = 2147483647;
			files = (
			);
			inputFileListPaths = (
			);
			inputPaths = (
				"${PODS_PODFILE_DIR_PATH}/Podfile.lock",
				"${PODS_ROOT}/Manifest.lock",
			);
			name = "[CP] Check Pods Manifest.lock";
			outputFileListPaths = (
			);
			outputPaths = (
				"$(DERIVED_FILE_DIR)/Pods-2. CameraFilter-checkManifestLockResult.txt",
			);
			runOnlyForDeploymentPostprocessing = 0;
			shellPath = /bin/sh;
			shellScript = "diff \"${PODS_PODFILE_DIR_PATH}/Podfile.lock\" \"${PODS_ROOT}/Manifest.lock\" > /dev/null\nif [ $? != 0 ] ; then\n    # print error to STDERR\n    echo \"error: The sandbox is not in sync with the Podfile.lock. Run 'pod install' or update your CocoaPods installation.\" >&2\n    exit 1\nfi\n# This output is used by Xcode 'outputs' to avoid re-running this script phase.\necho \"SUCCESS\" > \"${SCRIPT_OUTPUT_FILE_0}\"\n";
			showEnvVarsInLog = 0;
		};
		9DFFD31135FD4548901F91F6 /* [CP] Embed Pods Frameworks */ = {
			isa = PBXShellScriptBuildPhase;
			buildActionMask = 2147483647;
			files = (
			);
			inputFileListPaths = (
				"${PODS_ROOT}/Target Support Files/Pods-2. CameraFilter/Pods-2. CameraFilter-frameworks-${CONFIGURATION}-input-files.xcfilelist",
			);
			name = "[CP] Embed Pods Frameworks";
			outputFileListPaths = (
				"${PODS_ROOT}/Target Support Files/Pods-2. CameraFilter/Pods-2. CameraFilter-frameworks-${CONFIGURATION}-output-files.xcfilelist",
			);
			runOnlyForDeploymentPostprocessing = 0;
			shellPath = /bin/sh;
			shellScript = "\"${PODS_ROOT}/Target Support Files/Pods-2. CameraFilter/Pods-2. CameraFilter-frameworks.sh\"\n";
			showEnvVarsInLog = 0;
		};
/* End PBXShellScriptBuildPhase section */

/* Begin PBXSourcesBuildPhase section */
		5AF30DDA28B5E4EF00633E22 /* Sources */ = {
			isa = PBXSourcesBuildPhase;
			buildActionMask = 2147483647;
			files = (
				5AF30DEC28B5E4EF00633E22 /* ___CameraFilter.xcdatamodeld in Sources */,
				5AF30DE628B5E4EF00633E22 /* ViewController.swift in Sources */,
				5AF30DE228B5E4EF00633E22 /* AppDelegate.swift in Sources */,
				5A7565DB28B6228A0008BD97 /* FilterService.swift in Sources */,
				5AF30DF928B5E73300633E22 /* PhotosCollectionViewController.swift in Sources */,
				5AF30DE428B5E4EF00633E22 /* SceneDelegate.swift in Sources */,
				5A5F42B728B5FA0C0090BE65 /* PhotoCollectionViewCell.swift in Sources */,
			);
			runOnlyForDeploymentPostprocessing = 0;
		};
/* End PBXSourcesBuildPhase section */

/* Begin PBXVariantGroup section */
		5AF30DE728B5E4EF00633E22 /* Main.storyboard */ = {
			isa = PBXVariantGroup;
			children = (
				5AF30DE828B5E4EF00633E22 /* Base */,
			);
			name = Main.storyboard;
			sourceTree = "<group>";
		};
		5AF30DEF28B5E4F100633E22 /* LaunchScreen.storyboard */ = {
			isa = PBXVariantGroup;
			children = (
				5AF30DF028B5E4F100633E22 /* Base */,
			);
			name = LaunchScreen.storyboard;
			sourceTree = "<group>";
		};
/* End PBXVariantGroup section */

/* Begin XCBuildConfiguration section */
		5AF30DF328B5E4F100633E22 /* Debug */ = {
			isa = XCBuildConfiguration;
			buildSettings = {
				ALWAYS_SEARCH_USER_PATHS = NO;
				CLANG_ANALYZER_NONNULL = YES;
				CLANG_ANALYZER_NUMBER_OBJECT_CONVERSION = YES_AGGRESSIVE;
				CLANG_CXX_LANGUAGE_STANDARD = "gnu++17";
				CLANG_ENABLE_MODULES = YES;
				CLANG_ENABLE_OBJC_ARC = YES;
				CLANG_ENABLE_OBJC_WEAK = YES;
				CLANG_WARN_BLOCK_CAPTURE_AUTORELEASING = YES;
				CLANG_WARN_BOOL_CONVERSION = YES;
				CLANG_WARN_COMMA = YES;
				CLANG_WARN_CONSTANT_CONVERSION = YES;
				CLANG_WARN_DEPRECATED_OBJC_IMPLEMENTATIONS = YES;
				CLANG_WARN_DIRECT_OBJC_ISA_USAGE = YES_ERROR;
				CLANG_WARN_DOCUMENTATION_COMMENTS = YES;
				CLANG_WARN_EMPTY_BODY = YES;
				CLANG_WARN_ENUM_CONVERSION = YES;
				CLANG_WARN_INFINITE_RECURSION = YES;
				CLANG_WARN_INT_CONVERSION = YES;
				CLANG_WARN_NON_LITERAL_NULL_CONVERSION = YES;
				CLANG_WARN_OBJC_IMPLICIT_RETAIN_SELF = YES;
				CLANG_WARN_OBJC_LITERAL_CONVERSION = YES;
				CLANG_WARN_OBJC_ROOT_CLASS = YES_ERROR;
				CLANG_WARN_QUOTED_INCLUDE_IN_FRAMEWORK_HEADER = YES;
				CLANG_WARN_RANGE_LOOP_ANALYSIS = YES;
				CLANG_WARN_STRICT_PROTOTYPES = YES;
				CLANG_WARN_SUSPICIOUS_MOVE = YES;
				CLANG_WARN_UNGUARDED_AVAILABILITY = YES_AGGRESSIVE;
				CLANG_WARN_UNREACHABLE_CODE = YES;
				CLANG_WARN__DUPLICATE_METHOD_MATCH = YES;
				COPY_PHASE_STRIP = NO;
				DEBUG_INFORMATION_FORMAT = dwarf;
				ENABLE_STRICT_OBJC_MSGSEND = YES;
				ENABLE_TESTABILITY = YES;
				GCC_C_LANGUAGE_STANDARD = gnu11;
				GCC_DYNAMIC_NO_PIC = NO;
				GCC_NO_COMMON_BLOCKS = YES;
				GCC_OPTIMIZATION_LEVEL = 0;
				GCC_PREPROCESSOR_DEFINITIONS = (
					"DEBUG=1",
					"$(inherited)",
				);
				GCC_WARN_64_TO_32_BIT_CONVERSION = YES;
				GCC_WARN_ABOUT_RETURN_TYPE = YES_ERROR;
				GCC_WARN_UNDECLARED_SELECTOR = YES;
				GCC_WARN_UNINITIALIZED_AUTOS = YES_AGGRESSIVE;
				GCC_WARN_UNUSED_FUNCTION = YES;
				GCC_WARN_UNUSED_VARIABLE = YES;
				IPHONEOS_DEPLOYMENT_TARGET = 15.5;
				MTL_ENABLE_DEBUG_INFO = INCLUDE_SOURCE;
				MTL_FAST_MATH = YES;
				ONLY_ACTIVE_ARCH = YES;
				SDKROOT = iphoneos;
				SWIFT_ACTIVE_COMPILATION_CONDITIONS = DEBUG;
				SWIFT_OPTIMIZATION_LEVEL = "-Onone";
			};
			name = Debug;
		};
		5AF30DF428B5E4F100633E22 /* Release */ = {
			isa = XCBuildConfiguration;
			buildSettings = {
				ALWAYS_SEARCH_USER_PATHS = NO;
				CLANG_ANALYZER_NONNULL = YES;
				CLANG_ANALYZER_NUMBER_OBJECT_CONVERSION = YES_AGGRESSIVE;
				CLANG_CXX_LANGUAGE_STANDARD = "gnu++17";
				CLANG_ENABLE_MODULES = YES;
				CLANG_ENABLE_OBJC_ARC = YES;
				CLANG_ENABLE_OBJC_WEAK = YES;
				CLANG_WARN_BLOCK_CAPTURE_AUTORELEASING = YES;
				CLANG_WARN_BOOL_CONVERSION = YES;
				CLANG_WARN_COMMA = YES;
				CLANG_WARN_CONSTANT_CONVERSION = YES;
				CLANG_WARN_DEPRECATED_OBJC_IMPLEMENTATIONS = YES;
				CLANG_WARN_DIRECT_OBJC_ISA_USAGE = YES_ERROR;
				CLANG_WARN_DOCUMENTATION_COMMENTS = YES;
				CLANG_WARN_EMPTY_BODY = YES;
				CLANG_WARN_ENUM_CONVERSION = YES;
				CLANG_WARN_INFINITE_RECURSION = YES;
				CLANG_WARN_INT_CONVERSION = YES;
				CLANG_WARN_NON_LITERAL_NULL_CONVERSION = YES;
				CLANG_WARN_OBJC_IMPLICIT_RETAIN_SELF = YES;
				CLANG_WARN_OBJC_LITERAL_CONVERSION = YES;
				CLANG_WARN_OBJC_ROOT_CLASS = YES_ERROR;
				CLANG_WARN_QUOTED_INCLUDE_IN_FRAMEWORK_HEADER = YES;
				CLANG_WARN_RANGE_LOOP_ANALYSIS = YES;
				CLANG_WARN_STRICT_PROTOTYPES = YES;
				CLANG_WARN_SUSPICIOUS_MOVE = YES;
				CLANG_WARN_UNGUARDED_AVAILABILITY = YES_AGGRESSIVE;
				CLANG_WARN_UNREACHABLE_CODE = YES;
				CLANG_WARN__DUPLICATE_METHOD_MATCH = YES;
				COPY_PHASE_STRIP = NO;
				DEBUG_INFORMATION_FORMAT = "dwarf-with-dsym";
				ENABLE_NS_ASSERTIONS = NO;
				ENABLE_STRICT_OBJC_MSGSEND = YES;
				GCC_C_LANGUAGE_STANDARD = gnu11;
				GCC_NO_COMMON_BLOCKS = YES;
				GCC_WARN_64_TO_32_BIT_CONVERSION = YES;
				GCC_WARN_ABOUT_RETURN_TYPE = YES_ERROR;
				GCC_WARN_UNDECLARED_SELECTOR = YES;
				GCC_WARN_UNINITIALIZED_AUTOS = YES_AGGRESSIVE;
				GCC_WARN_UNUSED_FUNCTION = YES;
				GCC_WARN_UNUSED_VARIABLE = YES;
				IPHONEOS_DEPLOYMENT_TARGET = 15.5;
				MTL_ENABLE_DEBUG_INFO = NO;
				MTL_FAST_MATH = YES;
				SDKROOT = iphoneos;
				SWIFT_COMPILATION_MODE = wholemodule;
				SWIFT_OPTIMIZATION_LEVEL = "-O";
				VALIDATE_PRODUCT = YES;
			};
			name = Release;
		};
		5AF30DF628B5E4F100633E22 /* Debug */ = {
			isa = XCBuildConfiguration;
			baseConfigurationReference = 98B1787010A51ACCF0AE15EB /* Pods-2. CameraFilter.debug.xcconfig */;
			buildSettings = {
				ASSETCATALOG_COMPILER_APPICON_NAME = AppIcon;
				ASSETCATALOG_COMPILER_GLOBAL_ACCENT_COLOR_NAME = AccentColor;
				CODE_SIGN_STYLE = Automatic;
				CURRENT_PROJECT_VERSION = 1;
				DEVELOPMENT_TEAM = CYS4W9265H;
				GENERATE_INFOPLIST_FILE = YES;
				INFOPLIST_FILE = "2. CameraFilter/Info.plist";
				INFOPLIST_KEY_UIApplicationSupportsIndirectInputEvents = YES;
				INFOPLIST_KEY_UILaunchStoryboardName = LaunchScreen;
				INFOPLIST_KEY_UIMainStoryboardFile = Main;
				INFOPLIST_KEY_UISupportedInterfaceOrientations_iPad = "UIInterfaceOrientationPortrait UIInterfaceOrientationPortraitUpsideDown UIInterfaceOrientationLandscapeLeft UIInterfaceOrientationLandscapeRight";
				INFOPLIST_KEY_UISupportedInterfaceOrientations_iPhone = "UIInterfaceOrientationPortrait UIInterfaceOrientationLandscapeLeft UIInterfaceOrientationLandscapeRight";
				LD_RUNPATH_SEARCH_PATHS = (
					"$(inherited)",
					"@executable_path/Frameworks",
				);
				MARKETING_VERSION = 1.0;
				PRODUCT_BUNDLE_IDENTIFIER = "com.jinny.---CameraFilter";
				PRODUCT_NAME = "$(TARGET_NAME)";
				SWIFT_EMIT_LOC_STRINGS = YES;
				SWIFT_VERSION = 5.0;
				TARGETED_DEVICE_FAMILY = "1,2";
			};
			name = Debug;
		};
		5AF30DF728B5E4F100633E22 /* Release */ = {
			isa = XCBuildConfiguration;
			baseConfigurationReference = 2FC7706BE029E3E3007DE74D /* Pods-2. CameraFilter.release.xcconfig */;
			buildSettings = {
				ASSETCATALOG_COMPILER_APPICON_NAME = AppIcon;
				ASSETCATALOG_COMPILER_GLOBAL_ACCENT_COLOR_NAME = AccentColor;
				CODE_SIGN_STYLE = Automatic;
				CURRENT_PROJECT_VERSION = 1;
				DEVELOPMENT_TEAM = CYS4W9265H;
				GENERATE_INFOPLIST_FILE = YES;
				INFOPLIST_FILE = "2. CameraFilter/Info.plist";
				INFOPLIST_KEY_UIApplicationSupportsIndirectInputEvents = YES;
				INFOPLIST_KEY_UILaunchStoryboardName = LaunchScreen;
				INFOPLIST_KEY_UIMainStoryboardFile = Main;
				INFOPLIST_KEY_UISupportedInterfaceOrientations_iPad = "UIInterfaceOrientationPortrait UIInterfaceOrientationPortraitUpsideDown UIInterfaceOrientationLandscapeLeft UIInterfaceOrientationLandscapeRight";
				INFOPLIST_KEY_UISupportedInterfaceOrientations_iPhone = "UIInterfaceOrientationPortrait UIInterfaceOrientationLandscapeLeft UIInterfaceOrientationLandscapeRight";
				LD_RUNPATH_SEARCH_PATHS = (
					"$(inherited)",
					"@executable_path/Frameworks",
				);
				MARKETING_VERSION = 1.0;
				PRODUCT_BUNDLE_IDENTIFIER = "com.jinny.---CameraFilter";
				PRODUCT_NAME = "$(TARGET_NAME)";
				SWIFT_EMIT_LOC_STRINGS = YES;
				SWIFT_VERSION = 5.0;
				TARGETED_DEVICE_FAMILY = "1,2";
			};
			name = Release;
		};
/* End XCBuildConfiguration section */

/* Begin XCConfigurationList section */
		5AF30DD928B5E4EF00633E22 /* Build configuration list for PBXProject "2. CameraFilter" */ = {
			isa = XCConfigurationList;
			buildConfigurations = (
				5AF30DF328B5E4F100633E22 /* Debug */,
				5AF30DF428B5E4F100633E22 /* Release */,
			);
			defaultConfigurationIsVisible = 0;
			defaultConfigurationName = Release;
		};
		5AF30DF528B5E4F100633E22 /* Build configuration list for PBXNativeTarget "2. CameraFilter" */ = {
			isa = XCConfigurationList;
			buildConfigurations = (
				5AF30DF628B5E4F100633E22 /* Debug */,
				5AF30DF728B5E4F100633E22 /* Release */,
			);
			defaultConfigurationIsVisible = 0;
			defaultConfigurationName = Release;
		};
/* End XCConfigurationList section */

/* Begin XCVersionGroup section */
		5AF30DEA28B5E4EF00633E22 /* ___CameraFilter.xcdatamodeld */ = {
			isa = XCVersionGroup;
			children = (
				5AF30DEB28B5E4EF00633E22 /* ___CameraFilter.xcdatamodel */,
			);
			currentVersion = 5AF30DEB28B5E4EF00633E22 /* ___CameraFilter.xcdatamodel */;
			path = "___CameraFilter.xcdatamodeld";
			sourceTree = "<group>";
			versionGroupType = wrapper.xcdatamodel;
		};
/* End XCVersionGroup section */
	};
	rootObject = 5AF30DD628B5E4EF00633E22 /* Project object */;
}
